// !$*UTF8*$!
{
	archiveVersion = 1;
	classes = {
	};
	objectVersion = 46;
	objects = {

/* Begin PBXBuildFile section */
		3F7F78671CEB87DA00FCA80B /* main.m in Sources */ = {isa = PBXBuildFile; fileRef = 3F7F78661CEB87DA00FCA80B /* main.m */; };
		3F7F786F1CEB87FE00FCA80B /* GameScene.m in Sources */ = {isa = PBXBuildFile; fileRef = 3F7F786E1CEB87FE00FCA80B /* GameScene.m */; settings = {ASSET_TAGS = (); }; };
		3F7F78721CEB941000FCA80B /* HandleMonster.m in Sources */ = {isa = PBXBuildFile; fileRef = 3F7F78711CEB941000FCA80B /* HandleMonster.m */; settings = {ASSET_TAGS = (); }; };
		3F7F78751CEB97C800FCA80B /* HandleTimer.m in Sources */ = {isa = PBXBuildFile; fileRef = 3F7F78741CEB97C800FCA80B /* HandleTimer.m */; settings = {ASSET_TAGS = (); }; };
/* End PBXBuildFile section */

/* Begin PBXCopyFilesBuildPhase section */
		3F7F78611CEB87DA00FCA80B /* CopyFiles */ = {
			isa = PBXCopyFilesBuildPhase;
			buildActionMask = 2147483647;
			dstPath = /usr/share/man/man1/;
			dstSubfolderSpec = 0;
			files = (
			);
			runOnlyForDeploymentPostprocessing = 1;
		};
/* End PBXCopyFilesBuildPhase section */

/* Begin PBXFileReference section */
		3F7F78631CEB87DA00FCA80B /* GameExample */ = {isa = PBXFileReference; explicitFileType = "compiled.mach-o.executable"; includeInIndex = 0; path = GameExample; sourceTree = BUILT_PRODUCTS_DIR; };
		3F7F78661CEB87DA00FCA80B /* main.m */ = {isa = PBXFileReference; lastKnownFileType = sourcecode.c.objc; path = main.m; sourceTree = "<group>"; };
		3F7F786D1CEB87FE00FCA80B /* GameScene.h */ = {isa = PBXFileReference; fileEncoding = 4; lastKnownFileType = sourcecode.c.h; path = GameScene.h; sourceTree = "<group>"; };
		3F7F786E1CEB87FE00FCA80B /* GameScene.m */ = {isa = PBXFileReference; fileEncoding = 4; lastKnownFileType = sourcecode.c.objc; path = GameScene.m; sourceTree = "<group>"; };
		3F7F78701CEB941000FCA80B /* HandleMonster.h */ = {isa = PBXFileReference; fileEncoding = 4; lastKnownFileType = sourcecode.c.h; path = HandleMonster.h; sourceTree = "<group>"; };
		3F7F78711CEB941000FCA80B /* HandleMonster.m */ = {isa = PBXFileReference; fileEncoding = 4; lastKnownFileType = sourcecode.c.objc; path = HandleMonster.m; sourceTree = "<group>"; };
		3F7F78731CEB97C800FCA80B /* HandleTimer.h */ = {isa = PBXFileReference; fileEncoding = 4; lastKnownFileType = sourcecode.c.h; path = HandleTimer.h; sourceTree = "<group>"; };
		3F7F78741CEB97C800FCA80B /* HandleTimer.m */ = {isa = PBXFileReference; fileEncoding = 4; lastKnownFileType = sourcecode.c.objc; path = HandleTimer.m; sourceTree = "<group>"; };
/* End PBXFileReference section */

/* Begin PBXFrameworksBuildPhase section */
		3F7F78601CEB87DA00FCA80B /* Frameworks */ = {
			isa = PBXFrameworksBuildPhase;
			buildActionMask = 2147483647;
			files = (
			);
			runOnlyForDeploymentPostprocessing = 0;
		};
/* End PBXFrameworksBuildPhase section */

/* Begin PBXGroup section */
		3F7F785A1CEB87DA00FCA80B = {
			isa = PBXGroup;
			children = (
				3F7F78651CEB87DA00FCA80B /* GameExample */,
				3F7F78641CEB87DA00FCA80B /* Products */,
			);
			sourceTree = "<group>";
		};
		3F7F78641CEB87DA00FCA80B /* Products */ = {
			isa = PBXGroup;
			children = (
				3F7F78631CEB87DA00FCA80B /* GameExample */,
			);
			name = Products;
			sourceTree = "<group>";
		};
		3F7F78651CEB87DA00FCA80B /* GameExample */ = {
			isa = PBXGroup;
			children = (
				3F7F78661CEB87DA00FCA80B /* main.m */,
				3F7F786D1CEB87FE00FCA80B /* GameScene.h */,
				3F7F786E1CEB87FE00FCA80B /* GameScene.m */,
				3F7F78701CEB941000FCA80B /* HandleMonster.h */,
				3F7F78711CEB941000FCA80B /* HandleMonster.m */,
				3F7F78731CEB97C800FCA80B /* HandleTimer.h */,
				3F7F78741CEB97C800FCA80B /* HandleTimer.m */,
			);
			path = GameExample;
			sourceTree = "<group>";
		};
/* End PBXGroup section */

/* Begin PBXNativeTarget section */
		3F7F78621CEB87DA00FCA80B /* GameExample */ = {
			isa = PBXNativeTarget;
			buildConfigurationList = 3F7F786A1CEB87DA00FCA80B /* Build configuration list for PBXNativeTarget "GameExample" */;
			buildPhases = (
				3F7F785F1CEB87DA00FCA80B /* Sources */,
				3F7F78601CEB87DA00FCA80B /* Frameworks */,
				3F7F78611CEB87DA00FCA80B /* CopyFiles */,
			);
			buildRules = (
			);
			dependencies = (
			);
			name = GameExample;
			productName = GameExample;
			productReference = 3F7F78631CEB87DA00FCA80B /* GameExample */;
			productType = "com.apple.product-type.tool";
		};
/* End PBXNativeTarget section */

/* Begin PBXProject section */
		3F7F785B1CEB87DA00FCA80B /* Project object */ = {
			isa = PBXProject;
			attributes = {
				LastUpgradeCheck = 0700;
				ORGANIZATIONNAME = "Digby Andrews";
				TargetAttributes = {
					3F7F78621CEB87DA00FCA80B = {
						CreatedOnToolsVersion = 7.0.1;
					};
				};
			};
			buildConfigurationList = 3F7F785E1CEB87DA00FCA80B /* Build configuration list for PBXProject "GameExample" */;
			compatibilityVersion = "Xcode 3.2";
			developmentRegion = English;
			hasScannedForEncodings = 0;
			knownRegions = (
				en,
			);
			mainGroup = 3F7F785A1CEB87DA00FCA80B;
			productRefGroup = 3F7F78641CEB87DA00FCA80B /* Products */;
			projectDirPath = "";
			projectRoot = "";
			targets = (
				3F7F78621CEB87DA00FCA80B /* GameExample */,
			);
		};
/* End PBXProject section */

/* Begin PBXSourcesBuildPhase section */
		3F7F785F1CEB87DA00FCA80B /* Sources */ = {
			isa = PBXSourcesBuildPhase;
			buildActionMask = 2147483647;
			files = (
				3F7F786F1CEB87FE00FCA80B /* GameScene.m in Sources */,
				3F7F78751CEB97C800FCA80B /* HandleTimer.m in Sources */,
				3F7F78721CEB941000FCA80B /* HandleMonster.m in Sources */,
				3F7F78671CEB87DA00FCA80B /* main.m in Sources */,
			);
			runOnlyForDeploymentPostprocessing = 0;
		};
/* End PBXSourcesBuildPhase section */

/* Begin XCBuildConfiguration section */
		3F7F78681CEB87DA00FCA80B /* Debug */ = {
			isa = XCBuildConfiguration;
			buildSettings = {
				ALWAYS_SEARCH_USER_PATHS = NO;
				CLANG_CXX_LANGUAGE_STANDARD = "gnu++0x";
				CLANG_CXX_LIBRARY = "libc++";
				CLANG_ENABLE_MODULES = YES;
				CLANG_ENABLE_OBJC_ARC = YES;
				CLANG_WARN_BOOL_CONVERSION = YES;
				CLANG_WARN_CONSTANT_CONVERSION = YES;
				CLANG_WARN_DIRECT_OBJC_ISA_USAGE = YES_ERROR;
				CLANG_WARN_EMPTY_BODY = YES;
				CLANG_WARN_ENUM_CONVERSION = YES;
				CLANG_WARN_INT_CONVERSION = YES;
				CLANG_WARN_OBJC_ROOT_CLASS = YES_ERROR;
				CLANG_WARN_UNREACHABLE_CODE = YES;
				CLANG_WARN__DUPLICATE_METHOD_MATCH = YES;
				COPY_PHASE_STRIP = NO;
				DEBUG_INFORMATION_FORMAT = dwarf;
				ENABLE_STRICT_OBJC_MSGSEND = YES;
				ENABLE_TESTABILITY = YES;
				GCC_C_LANGUAGE_STANDARD = gnu99;
				GCC_DYNAMIC_NO_PIC = NO;
				GCC_NO_COMMON_BLOCKS = YES;
				GCC_OPTIMIZATION_LEVEL = 0;
				GCC_PREPROCESSOR_DEFINITIONS = (
					"DEBUG=1",
					"$(inherited)",
				);
				GCC_WARN_64_TO_32_BIT_CONVERSION = YES;
				GCC_WARN_ABOUT_RETURN_TYPE = YES_ERROR;
				GCC_WARN_UNDECLARED_SELECTOR = YES;
				GCC_WARN_UNINITIALIZED_AUTOS = YES_AGGRESSIVE;
				GCC_WARN_UNUSED_FUNCTION = YES;
				GCC_WARN_UNUSED_VARIABLE = YES;
				MACOSX_DEPLOYMENT_TARGET = 10.10;
				MTL_ENABLE_DEBUG_INFO = YES;
				ONLY_ACTIVE_ARCH = YES;
				SDKROOT = macosx;
			};
			name = Debug;
		};
		3F7F78691CEB87DA00FCA80B /* Release */ = {
			isa = XCBuildConfiguration;
			buildSettings = {
				ALWAYS_SEARCH_USER_PATHS = NO;
				CLANG_CXX_LANGUAGE_STANDARD = "gnu++0x";
				CLANG_CXX_LIBRARY = "libc++";
				CLANG_ENABLE_MODULES = YES;
				CLANG_ENABLE_OBJC_ARC = YES;
				CLANG_WARN_BOOL_CONVERSION = YES;
				CLANG_WARN_CONSTANT_CONVERSION = YES;
				CLANG_WARN_DIRECT_OBJC_ISA_USAGE = YES_ERROR;
				CLANG_WARN_EMPTY_BODY = YES;
				CLANG_WARN_ENUM_CONVERSION = YES;
				CLANG_WARN_INT_CONVERSION = YES;
				CLANG_WARN_OBJC_ROOT_CLASS = YES_ERROR;
				CLANG_WARN_UNREACHABLE_CODE = YES;
				CLANG_WARN__DUPLICATE_METHOD_MATCH = YES;
				COPY_PHASE_STRIP = NO;
				DEBUG_INFORMATION_FORMAT = "dwarf-with-dsym";
				ENABLE_NS_ASSERTIONS = NO;
				ENABLE_STRICT_OBJC_MSGSEND = YES;
				GCC_C_LANGUAGE_STANDARD = gnu99;
				GCC_NO_COMMON_BLOCKS = YES;
				GCC_WARN_64_TO_32_BIT_CONVERSION = YES;
				GCC_WARN_ABOUT_RETURN_TYPE = YES_ERROR;
				GCC_WARN_UNDECLARED_SELECTOR = YES;
				GCC_WARN_UNINITIALIZED_AUTOS = YES_AGGRESSIVE;
				GCC_WARN_UNUSED_FUNCTION = YES;
				GCC_WARN_UNUSED_VARIABLE = YES;
				MACOSX_DEPLOYMENT_TARGET = 10.10;
				MTL_ENABLE_DEBUG_INFO = NO;
				SDKROOT = macosx;
			};
			name = Release;
		};
		3F7F786B1CEB87DA00FCA80B /* Debug */ = {
			isa = XCBuildConfiguration;
			buildSettings = {
				PRODUCT_NAME = "$(TARGET_NAME)";
			};
			name = Debug;
		};
		3F7F786C1CEB87DA00FCA80B /* Release */ = {
			isa = XCBuildConfiguration;
			buildSettings = {
				PRODUCT_NAME = "$(TARGET_NAME)";
			};
			name = Release;
		};
/* End XCBuildConfiguration section */

/* Begin XCConfigurationList section */
		3F7F785E1CEB87DA00FCA80B /* Build configuration list for PBXProject "GameExample" */ = {
			isa = XCConfigurationList;
			buildConfigurations = (
				3F7F78681CEB87DA00FCA80B /* Debug */,
				3F7F78691CEB87DA00FCA80B /* Release */,
			);
			defaultConfigurationIsVisible = 0;
			defaultConfigurationName = Release;
		};
		3F7F786A1CEB87DA00FCA80B /* Build configuration list for PBXNativeTarget "GameExample" */ = {
			isa = XCConfigurationList;
			buildConfigurations = (
				3F7F786B1CEB87DA00FCA80B /* Debug */,
				3F7F786C1CEB87DA00FCA80B /* Release */,
			);
			defaultConfigurationIsVisible = 0;
		};
/* End XCConfigurationList section */
	};
	rootObject = 3F7F785B1CEB87DA00FCA80B /* Project object */;
}
