// !$*UTF8*$!
{
	archiveVersion = 1;
	classes = {
	};
	objectVersion = 46;
	objects = {

/* Begin PBXBuildFile section */
		D20D3C4B1D820E1A00F0846C /* main.m in Sources */ = {isa = PBXBuildFile; fileRef = D20D3C4A1D820E1A00F0846C /* main.m */; };
		D20D3C531D820E5A00F0846C /* wE.m in Sources */ = {isa = PBXBuildFile; fileRef = D20D3C521D820E5A00F0846C /* wE.m */; };
/* End PBXBuildFile section */

/* Begin PBXCopyFilesBuildPhase section */
		D20D3C451D820E1A00F0846C /* CopyFiles */ = {
			isa = PBXCopyFilesBuildPhase;
			buildActionMask = 2147483647;
			dstPath = /usr/share/man/man1/;
			dstSubfolderSpec = 0;
			files = (
			);
			runOnlyForDeploymentPostprocessing = 1;
		};
/* End PBXCopyFilesBuildPhase section */

/* Begin PBXFileReference section */
		D20D3C471D820E1A00F0846C /* prop */ = {isa = PBXFileReference; explicitFileType = "compiled.mach-o.executable"; includeInIndex = 0; path = prop; sourceTree = BUILT_PRODUCTS_DIR; };
		D20D3C4A1D820E1A00F0846C /* main.m */ = {isa = PBXFileReference; lastKnownFileType = sourcecode.c.objc; path = main.m; sourceTree = "<group>"; };
		D20D3C511D820E5A00F0846C /* wE.h */ = {isa = PBXFileReference; fileEncoding = 4; lastKnownFileType = sourcecode.c.h; path = wE.h; sourceTree = "<group>"; };
		D20D3C521D820E5A00F0846C /* wE.m */ = {isa = PBXFileReference; fileEncoding = 4; lastKnownFileType = sourcecode.c.objc; path = wE.m; sourceTree = "<group>"; };
/* End PBXFileReference section */

/* Begin PBXFrameworksBuildPhase section */
		D20D3C441D820E1A00F0846C /* Frameworks */ = {
			isa = PBXFrameworksBuildPhase;
			buildActionMask = 2147483647;
			files = (
			);
			runOnlyForDeploymentPostprocessing = 0;
		};
/* End PBXFrameworksBuildPhase section */

/* Begin PBXGroup section */
		D20D3C3E1D820E1A00F0846C = {
			isa = PBXGroup;
			children = (
				D20D3C491D820E1A00F0846C /* prop */,
				D20D3C481D820E1A00F0846C /* Products */,
			);
			sourceTree = "<group>";
		};
		D20D3C481D820E1A00F0846C /* Products */ = {
			isa = PBXGroup;
			children = (
				D20D3C471D820E1A00F0846C /* prop */,
			);
			name = Products;
			sourceTree = "<group>";
		};
		D20D3C491D820E1A00F0846C /* prop */ = {
			isa = PBXGroup;
			children = (
				D20D3C4A1D820E1A00F0846C /* main.m */,
				D20D3C511D820E5A00F0846C /* wE.h */,
				D20D3C521D820E5A00F0846C /* wE.m */,
			);
			path = prop;
			sourceTree = "<group>";
		};
/* End PBXGroup section */

/* Begin PBXNativeTarget section */
		D20D3C461D820E1A00F0846C /* prop */ = {
			isa = PBXNativeTarget;
			buildConfigurationList = D20D3C4E1D820E1A00F0846C /* Build configuration list for PBXNativeTarget "prop" */;
			buildPhases = (
				D20D3C431D820E1A00F0846C /* Sources */,
				D20D3C441D820E1A00F0846C /* Frameworks */,
				D20D3C451D820E1A00F0846C /* CopyFiles */,
			);
			buildRules = (
			);
			dependencies = (
			);
			name = prop;
			productName = prop;
			productReference = D20D3C471D820E1A00F0846C /* prop */;
			productType = "com.apple.product-type.tool";
		};
/* End PBXNativeTarget section */

/* Begin PBXProject section */
		D20D3C3F1D820E1A00F0846C /* Project object */ = {
			isa = PBXProject;
			attributes = {
				LastUpgradeCheck = 0720;
				ORGANIZATIONNAME = SG;
				TargetAttributes = {
					D20D3C461D820E1A00F0846C = {
						CreatedOnToolsVersion = 7.2;
					};
				};
			};
			buildConfigurationList = D20D3C421D820E1A00F0846C /* Build configuration list for PBXProject "prop" */;
			compatibilityVersion = "Xcode 3.2";
			developmentRegion = English;
			hasScannedForEncodings = 0;
			knownRegions = (
				en,
			);
			mainGroup = D20D3C3E1D820E1A00F0846C;
			productRefGroup = D20D3C481D820E1A00F0846C /* Products */;
			projectDirPath = "";
			projectRoot = "";
			targets = (
				D20D3C461D820E1A00F0846C /* prop */,
			);
		};
/* End PBXProject section */

/* Begin PBXSourcesBuildPhase section */
		D20D3C431D820E1A00F0846C /* Sources */ = {
			isa = PBXSourcesBuildPhase;
			buildActionMask = 2147483647;
			files = (
				D20D3C4B1D820E1A00F0846C /* main.m in Sources */,
				D20D3C531D820E5A00F0846C /* wE.m in Sources */,
			);
			runOnlyForDeploymentPostprocessing = 0;
		};
/* End PBXSourcesBuildPhase section */

/* Begin XCBuildConfiguration section */
		D20D3C4C1D820E1A00F0846C /* Debug */ = {
			isa = XCBuildConfiguration;
			buildSettings = {
				ALWAYS_SEARCH_USER_PATHS = NO;
				CLANG_CXX_LANGUAGE_STANDARD = "gnu++0x";
				CLANG_CXX_LIBRARY = "libc++";
				CLANG_ENABLE_MODULES = YES;
				CLANG_ENABLE_OBJC_ARC = YES;
				CLANG_WARN_BOOL_CONVERSION = YES;
				CLANG_WARN_CONSTANT_CONVERSION = YES;
				CLANG_WARN_DIRECT_OBJC_ISA_USAGE = YES_ERROR;
				CLANG_WARN_EMPTY_BODY = YES;
				CLANG_WARN_ENUM_CONVERSION = YES;
				CLANG_WARN_INT_CONVERSION = YES;
				CLANG_WARN_OBJC_ROOT_CLASS = YES_ERROR;
				CLANG_WARN_UNREACHABLE_CODE = YES;
				CLANG_WARN__DUPLICATE_METHOD_MATCH = YES;
				CODE_SIGN_IDENTITY = "-";
				COPY_PHASE_STRIP = NO;
				DEBUG_INFORMATION_FORMAT = dwarf;
				ENABLE_STRICT_OBJC_MSGSEND = YES;
				ENABLE_TESTABILITY = YES;
				GCC_C_LANGUAGE_STANDARD = gnu99;
				GCC_DYNAMIC_NO_PIC = NO;
				GCC_NO_COMMON_BLOCKS = YES;
				GCC_OPTIMIZATION_LEVEL = 0;
				GCC_PREPROCESSOR_DEFINITIONS = (
					"DEBUG=1",
					"$(inherited)",
				);
				GCC_WARN_64_TO_32_BIT_CONVERSION = YES;
				GCC_WARN_ABOUT_RETURN_TYPE = YES_ERROR;
				GCC_WARN_UNDECLARED_SELECTOR = YES;
				GCC_WARN_UNINITIALIZED_AUTOS = YES_AGGRESSIVE;
				GCC_WARN_UNUSED_FUNCTION = YES;
				GCC_WARN_UNUSED_VARIABLE = YES;
				MACOSX_DEPLOYMENT_TARGET = 10.10;
				MTL_ENABLE_DEBUG_INFO = YES;
				ONLY_ACTIVE_ARCH = YES;
				SDKROOT = macosx;
			};
			name = Debug;
		};
		D20D3C4D1D820E1A00F0846C /* Release */ = {
			isa = XCBuildConfiguration;
			buildSettings = {
				ALWAYS_SEARCH_USER_PATHS = NO;
				CLANG_CXX_LANGUAGE_STANDARD = "gnu++0x";
				CLANG_CXX_LIBRARY = "libc++";
				CLANG_ENABLE_MODULES = YES;
				CLANG_ENABLE_OBJC_ARC = YES;
				CLANG_WARN_BOOL_CONVERSION = YES;
				CLANG_WARN_CONSTANT_CONVERSION = YES;
				CLANG_WARN_DIRECT_OBJC_ISA_USAGE = YES_ERROR;
				CLANG_WARN_EMPTY_BODY = YES;
				CLANG_WARN_ENUM_CONVERSION = YES;
				CLANG_WARN_INT_CONVERSION = YES;
				CLANG_WARN_OBJC_ROOT_CLASS = YES_ERROR;
				CLANG_WARN_UNREACHABLE_CODE = YES;
				CLANG_WARN__DUPLICATE_METHOD_MATCH = YES;
				CODE_SIGN_IDENTITY = "-";
				COPY_PHASE_STRIP = NO;
				DEBUG_INFORMATION_FORMAT = "dwarf-with-dsym";
				ENABLE_NS_ASSERTIONS = NO;
				ENABLE_STRICT_OBJC_MSGSEND = YES;
				GCC_C_LANGUAGE_STANDARD = gnu99;
				GCC_NO_COMMON_BLOCKS = YES;
				GCC_WARN_64_TO_32_BIT_CONVERSION = YES;
				GCC_WARN_ABOUT_RETURN_TYPE = YES_ERROR;
				GCC_WARN_UNDECLARED_SELECTOR = YES;
				GCC_WARN_UNINITIALIZED_AUTOS = YES_AGGRESSIVE;
				GCC_WARN_UNUSED_FUNCTION = YES;
				GCC_WARN_UNUSED_VARIABLE = YES;
				MACOSX_DEPLOYMENT_TARGET = 10.10;
				MTL_ENABLE_DEBUG_INFO = NO;
				SDKROOT = macosx;
			};
			name = Release;
		};
		D20D3C4F1D820E1A00F0846C /* Debug */ = {
			isa = XCBuildConfiguration;
			buildSettings = {
				PRODUCT_NAME = "$(TARGET_NAME)";
			};
			name = Debug;
		};
		D20D3C501D820E1A00F0846C /* Release */ = {
			isa = XCBuildConfiguration;
			buildSettings = {
				PRODUCT_NAME = "$(TARGET_NAME)";
			};
			name = Release;
		};
/* End XCBuildConfiguration section */

/* Begin XCConfigurationList section */
		D20D3C421D820E1A00F0846C /* Build configuration list for PBXProject "prop" */ = {
			isa = XCConfigurationList;
			buildConfigurations = (
				D20D3C4C1D820E1A00F0846C /* Debug */,
				D20D3C4D1D820E1A00F0846C /* Release */,
			);
			defaultConfigurationIsVisible = 0;
			defaultConfigurationName = Release;
		};
		D20D3C4E1D820E1A00F0846C /* Build configuration list for PBXNativeTarget "prop" */ = {
			isa = XCConfigurationList;
			buildConfigurations = (
				D20D3C4F1D820E1A00F0846C /* Debug */,
				D20D3C501D820E1A00F0846C /* Release */,
			);
			defaultConfigurationIsVisible = 0;
		};
/* End XCConfigurationList section */
	};
	rootObject = D20D3C3F1D820E1A00F0846C /* Project object */;
}
