// !$*UTF8*$!
{
	archiveVersion = 1;
	classes = {
	};
	objectVersion = 46;
	objects = {

/* Begin PBXBuildFile section */
		EE6CD94B1D77A4EC007A51F6 /* main.c in Sources */ = {isa = PBXBuildFile; fileRef = EE6CD94A1D77A4EC007A51F6 /* main.c */; };
/* End PBXBuildFile section */

/* Begin PBXCopyFilesBuildPhase section */
		EE6CD9451D77A4EC007A51F6 /* CopyFiles */ = {
			isa = PBXCopyFilesBuildPhase;
			buildActionMask = 2147483647;
			dstPath = /usr/share/man/man1/;
			dstSubfolderSpec = 0;
			files = (
			);
			runOnlyForDeploymentPostprocessing = 1;
		};
/* End PBXCopyFilesBuildPhase section */

/* Begin PBXFileReference section */
		EE6CD9471D77A4EC007A51F6 /* Exercise13_CapitalLetters */ = {isa = PBXFileReference; explicitFileType = "compiled.mach-o.executable"; includeInIndex = 0; path = Exercise13_CapitalLetters; sourceTree = BUILT_PRODUCTS_DIR; };
		EE6CD94A1D77A4EC007A51F6 /* main.c */ = {isa = PBXFileReference; lastKnownFileType = sourcecode.c.c; path = main.c; sourceTree = "<group>"; };
/* End PBXFileReference section */

/* Begin PBXFrameworksBuildPhase section */
		EE6CD9441D77A4EC007A51F6 /* Frameworks */ = {
			isa = PBXFrameworksBuildPhase;
			buildActionMask = 2147483647;
			files = (
			);
			runOnlyForDeploymentPostprocessing = 0;
		};
/* End PBXFrameworksBuildPhase section */

/* Begin PBXGroup section */
		EE6CD93E1D77A4EC007A51F6 = {
			isa = PBXGroup;
			children = (
				EE6CD9491D77A4EC007A51F6 /* Exercise13_CapitalLetters */,
				EE6CD9481D77A4EC007A51F6 /* Products */,
			);
			sourceTree = "<group>";
		};
		EE6CD9481D77A4EC007A51F6 /* Products */ = {
			isa = PBXGroup;
			children = (
				EE6CD9471D77A4EC007A51F6 /* Exercise13_CapitalLetters */,
			);
			name = Products;
			sourceTree = "<group>";
		};
		EE6CD9491D77A4EC007A51F6 /* Exercise13_CapitalLetters */ = {
			isa = PBXGroup;
			children = (
				EE6CD94A1D77A4EC007A51F6 /* main.c */,
			);
			path = Exercise13_CapitalLetters;
			sourceTree = "<group>";
		};
/* End PBXGroup section */

/* Begin PBXNativeTarget section */
		EE6CD9461D77A4EC007A51F6 /* Exercise13_CapitalLetters */ = {
			isa = PBXNativeTarget;
			buildConfigurationList = EE6CD94E1D77A4EC007A51F6 /* Build configuration list for PBXNativeTarget "Exercise13_CapitalLetters" */;
			buildPhases = (
				EE6CD9431D77A4EC007A51F6 /* Sources */,
				EE6CD9441D77A4EC007A51F6 /* Frameworks */,
				EE6CD9451D77A4EC007A51F6 /* CopyFiles */,
			);
			buildRules = (
			);
			dependencies = (
			);
			name = Exercise13_CapitalLetters;
			productName = Exercise13_CapitalLetters;
			productReference = EE6CD9471D77A4EC007A51F6 /* Exercise13_CapitalLetters */;
			productType = "com.apple.product-type.tool";
		};
/* End PBXNativeTarget section */

/* Begin PBXProject section */
		EE6CD93F1D77A4EC007A51F6 /* Project object */ = {
			isa = PBXProject;
			attributes = {
				LastUpgradeCheck = 0700;
				ORGANIZATIONNAME = Boyoung;
				TargetAttributes = {
					EE6CD9461D77A4EC007A51F6 = {
						CreatedOnToolsVersion = 7.0;
					};
				};
			};
			buildConfigurationList = EE6CD9421D77A4EC007A51F6 /* Build configuration list for PBXProject "Exercise13_CapitalLetters" */;
			compatibilityVersion = "Xcode 3.2";
			developmentRegion = English;
			hasScannedForEncodings = 0;
			knownRegions = (
				en,
			);
			mainGroup = EE6CD93E1D77A4EC007A51F6;
			productRefGroup = EE6CD9481D77A4EC007A51F6 /* Products */;
			projectDirPath = "";
			projectRoot = "";
			targets = (
				EE6CD9461D77A4EC007A51F6 /* Exercise13_CapitalLetters */,
			);
		};
/* End PBXProject section */

/* Begin PBXSourcesBuildPhase section */
		EE6CD9431D77A4EC007A51F6 /* Sources */ = {
			isa = PBXSourcesBuildPhase;
			buildActionMask = 2147483647;
			files = (
				EE6CD94B1D77A4EC007A51F6 /* main.c in Sources */,
			);
			runOnlyForDeploymentPostprocessing = 0;
		};
/* End PBXSourcesBuildPhase section */

/* Begin XCBuildConfiguration section */
		EE6CD94C1D77A4EC007A51F6 /* Debug */ = {
			isa = XCBuildConfiguration;
			buildSettings = {
				ALWAYS_SEARCH_USER_PATHS = NO;
				CLANG_CXX_LANGUAGE_STANDARD = "gnu++0x";
				CLANG_CXX_LIBRARY = "libc++";
				CLANG_ENABLE_MODULES = YES;
				CLANG_ENABLE_OBJC_ARC = YES;
				CLANG_WARN_BOOL_CONVERSION = YES;
				CLANG_WARN_CONSTANT_CONVERSION = YES;
				CLANG_WARN_DIRECT_OBJC_ISA_USAGE = YES_ERROR;
				CLANG_WARN_EMPTY_BODY = YES;
				CLANG_WARN_ENUM_CONVERSION = YES;
				CLANG_WARN_INT_CONVERSION = YES;
				CLANG_WARN_OBJC_ROOT_CLASS = YES_ERROR;
				CLANG_WARN_UNREACHABLE_CODE = YES;
				CLANG_WARN__DUPLICATE_METHOD_MATCH = YES;
				COPY_PHASE_STRIP = NO;
				DEBUG_INFORMATION_FORMAT = dwarf;
				ENABLE_STRICT_OBJC_MSGSEND = YES;
				ENABLE_TESTABILITY = YES;
				GCC_C_LANGUAGE_STANDARD = gnu99;
				GCC_DYNAMIC_NO_PIC = NO;
				GCC_NO_COMMON_BLOCKS = YES;
				GCC_OPTIMIZATION_LEVEL = 0;
				GCC_PREPROCESSOR_DEFINITIONS = (
					"DEBUG=1",
					"$(inherited)",
				);
				GCC_WARN_64_TO_32_BIT_CONVERSION = YES;
				GCC_WARN_ABOUT_RETURN_TYPE = YES_ERROR;
				GCC_WARN_UNDECLARED_SELECTOR = YES;
				GCC_WARN_UNINITIALIZED_AUTOS = YES_AGGRESSIVE;
				GCC_WARN_UNUSED_FUNCTION = YES;
				GCC_WARN_UNUSED_VARIABLE = YES;
				MACOSX_DEPLOYMENT_TARGET = 10.11;
				MTL_ENABLE_DEBUG_INFO = YES;
				ONLY_ACTIVE_ARCH = YES;
				SDKROOT = macosx;
			};
			name = Debug;
		};
		EE6CD94D1D77A4EC007A51F6 /* Release */ = {
			isa = XCBuildConfiguration;
			buildSettings = {
				ALWAYS_SEARCH_USER_PATHS = NO;
				CLANG_CXX_LANGUAGE_STANDARD = "gnu++0x";
				CLANG_CXX_LIBRARY = "libc++";
				CLANG_ENABLE_MODULES = YES;
				CLANG_ENABLE_OBJC_ARC = YES;
				CLANG_WARN_BOOL_CONVERSION = YES;
				CLANG_WARN_CONSTANT_CONVERSION = YES;
				CLANG_WARN_DIRECT_OBJC_ISA_USAGE = YES_ERROR;
				CLANG_WARN_EMPTY_BODY = YES;
				CLANG_WARN_ENUM_CONVERSION = YES;
				CLANG_WARN_INT_CONVERSION = YES;
				CLANG_WARN_OBJC_ROOT_CLASS = YES_ERROR;
				CLANG_WARN_UNREACHABLE_CODE = YES;
				CLANG_WARN__DUPLICATE_METHOD_MATCH = YES;
				COPY_PHASE_STRIP = NO;
				DEBUG_INFORMATION_FORMAT = "dwarf-with-dsym";
				ENABLE_NS_ASSERTIONS = NO;
				ENABLE_STRICT_OBJC_MSGSEND = YES;
				GCC_C_LANGUAGE_STANDARD = gnu99;
				GCC_NO_COMMON_BLOCKS = YES;
				GCC_WARN_64_TO_32_BIT_CONVERSION = YES;
				GCC_WARN_ABOUT_RETURN_TYPE = YES_ERROR;
				GCC_WARN_UNDECLARED_SELECTOR = YES;
				GCC_WARN_UNINITIALIZED_AUTOS = YES_AGGRESSIVE;
				GCC_WARN_UNUSED_FUNCTION = YES;
				GCC_WARN_UNUSED_VARIABLE = YES;
				MACOSX_DEPLOYMENT_TARGET = 10.11;
				MTL_ENABLE_DEBUG_INFO = NO;
				SDKROOT = macosx;
			};
			name = Release;
		};
		EE6CD94F1D77A4EC007A51F6 /* Debug */ = {
			isa = XCBuildConfiguration;
			buildSettings = {
				PRODUCT_NAME = "$(TARGET_NAME)";
			};
			name = Debug;
		};
		EE6CD9501D77A4EC007A51F6 /* Release */ = {
			isa = XCBuildConfiguration;
			buildSettings = {
				PRODUCT_NAME = "$(TARGET_NAME)";
			};
			name = Release;
		};
/* End XCBuildConfiguration section */

/* Begin XCConfigurationList section */
		EE6CD9421D77A4EC007A51F6 /* Build configuration list for PBXProject "Exercise13_CapitalLetters" */ = {
			isa = XCConfigurationList;
			buildConfigurations = (
				EE6CD94C1D77A4EC007A51F6 /* Debug */,
				EE6CD94D1D77A4EC007A51F6 /* Release */,
			);
			defaultConfigurationIsVisible = 0;
			defaultConfigurationName = Release;
		};
		EE6CD94E1D77A4EC007A51F6 /* Build configuration list for PBXNativeTarget "Exercise13_CapitalLetters" */ = {
			isa = XCConfigurationList;
			buildConfigurations = (
				EE6CD94F1D77A4EC007A51F6 /* Debug */,
				EE6CD9501D77A4EC007A51F6 /* Release */,
			);
			defaultConfigurationIsVisible = 0;
		};
/* End XCConfigurationList section */
	};
	rootObject = EE6CD93F1D77A4EC007A51F6 /* Project object */;
}
