// !$*UTF8*$!
{
	archiveVersion = 1;
	classes = {
	};
	objectVersion = 46;
	objects = {

/* Begin PBXBuildFile section */
		EEA59CB41D8C93D20055F7C1 /* main.m in Sources */ = {isa = PBXBuildFile; fileRef = EEA59CB31D8C93D20055F7C1 /* main.m */; };
		EEA59CBC1D8C940C0055F7C1 /* Vehicle.m in Sources */ = {isa = PBXBuildFile; fileRef = EEA59CBB1D8C940C0055F7C1 /* Vehicle.m */; };
		EEA59CBF1D8C94870055F7C1 /* Car.m in Sources */ = {isa = PBXBuildFile; fileRef = EEA59CBE1D8C94870055F7C1 /* Car.m */; };
		EEA59CC21D8C949E0055F7C1 /* Motorcycle.m in Sources */ = {isa = PBXBuildFile; fileRef = EEA59CC11D8C949E0055F7C1 /* Motorcycle.m */; };
/* End PBXBuildFile section */

/* Begin PBXCopyFilesBuildPhase section */
		EEA59CAE1D8C93D20055F7C1 /* CopyFiles */ = {
			isa = PBXCopyFilesBuildPhase;
			buildActionMask = 2147483647;
			dstPath = /usr/share/man/man1/;
			dstSubfolderSpec = 0;
			files = (
			);
			runOnlyForDeploymentPostprocessing = 1;
		};
/* End PBXCopyFilesBuildPhase section */

/* Begin PBXFileReference section */
		EEA59CB01D8C93D20055F7C1 /* Exercise12_VoidBlock */ = {isa = PBXFileReference; explicitFileType = "compiled.mach-o.executable"; includeInIndex = 0; path = Exercise12_VoidBlock; sourceTree = BUILT_PRODUCTS_DIR; };
		EEA59CB31D8C93D20055F7C1 /* main.m */ = {isa = PBXFileReference; lastKnownFileType = sourcecode.c.objc; path = main.m; sourceTree = "<group>"; };
		EEA59CBA1D8C940C0055F7C1 /* Vehicle.h */ = {isa = PBXFileReference; fileEncoding = 4; lastKnownFileType = sourcecode.c.h; path = Vehicle.h; sourceTree = "<group>"; };
		EEA59CBB1D8C940C0055F7C1 /* Vehicle.m */ = {isa = PBXFileReference; fileEncoding = 4; lastKnownFileType = sourcecode.c.objc; path = Vehicle.m; sourceTree = "<group>"; };
		EEA59CBD1D8C94870055F7C1 /* Car.h */ = {isa = PBXFileReference; fileEncoding = 4; lastKnownFileType = sourcecode.c.h; path = Car.h; sourceTree = "<group>"; };
		EEA59CBE1D8C94870055F7C1 /* Car.m */ = {isa = PBXFileReference; fileEncoding = 4; lastKnownFileType = sourcecode.c.objc; path = Car.m; sourceTree = "<group>"; };
		EEA59CC01D8C949E0055F7C1 /* Motorcycle.h */ = {isa = PBXFileReference; fileEncoding = 4; lastKnownFileType = sourcecode.c.h; path = Motorcycle.h; sourceTree = "<group>"; };
		EEA59CC11D8C949E0055F7C1 /* Motorcycle.m */ = {isa = PBXFileReference; fileEncoding = 4; lastKnownFileType = sourcecode.c.objc; path = Motorcycle.m; sourceTree = "<group>"; };
/* End PBXFileReference section */

/* Begin PBXFrameworksBuildPhase section */
		EEA59CAD1D8C93D20055F7C1 /* Frameworks */ = {
			isa = PBXFrameworksBuildPhase;
			buildActionMask = 2147483647;
			files = (
			);
			runOnlyForDeploymentPostprocessing = 0;
		};
/* End PBXFrameworksBuildPhase section */

/* Begin PBXGroup section */
		EEA59CA71D8C93D20055F7C1 = {
			isa = PBXGroup;
			children = (
				EEA59CB21D8C93D20055F7C1 /* Exercise12_VoidBlock */,
				EEA59CB11D8C93D20055F7C1 /* Products */,
			);
			sourceTree = "<group>";
		};
		EEA59CB11D8C93D20055F7C1 /* Products */ = {
			isa = PBXGroup;
			children = (
				EEA59CB01D8C93D20055F7C1 /* Exercise12_VoidBlock */,
			);
			name = Products;
			sourceTree = "<group>";
		};
		EEA59CB21D8C93D20055F7C1 /* Exercise12_VoidBlock */ = {
			isa = PBXGroup;
			children = (
				EEA59CB31D8C93D20055F7C1 /* main.m */,
				EEA59CBA1D8C940C0055F7C1 /* Vehicle.h */,
				EEA59CBB1D8C940C0055F7C1 /* Vehicle.m */,
				EEA59CBD1D8C94870055F7C1 /* Car.h */,
				EEA59CBE1D8C94870055F7C1 /* Car.m */,
				EEA59CC01D8C949E0055F7C1 /* Motorcycle.h */,
				EEA59CC11D8C949E0055F7C1 /* Motorcycle.m */,
			);
			path = Exercise12_VoidBlock;
			sourceTree = "<group>";
		};
/* End PBXGroup section */

/* Begin PBXNativeTarget section */
		EEA59CAF1D8C93D20055F7C1 /* Exercise12_VoidBlock */ = {
			isa = PBXNativeTarget;
			buildConfigurationList = EEA59CB71D8C93D20055F7C1 /* Build configuration list for PBXNativeTarget "Exercise12_VoidBlock" */;
			buildPhases = (
				EEA59CAC1D8C93D20055F7C1 /* Sources */,
				EEA59CAD1D8C93D20055F7C1 /* Frameworks */,
				EEA59CAE1D8C93D20055F7C1 /* CopyFiles */,
			);
			buildRules = (
			);
			dependencies = (
			);
			name = Exercise12_VoidBlock;
			productName = Exercise12_VoidBlock;
			productReference = EEA59CB01D8C93D20055F7C1 /* Exercise12_VoidBlock */;
			productType = "com.apple.product-type.tool";
		};
/* End PBXNativeTarget section */

/* Begin PBXProject section */
		EEA59CA81D8C93D20055F7C1 /* Project object */ = {
			isa = PBXProject;
			attributes = {
				LastUpgradeCheck = 0800;
				ORGANIZATIONNAME = Boyoung;
				TargetAttributes = {
					EEA59CAF1D8C93D20055F7C1 = {
						CreatedOnToolsVersion = 8.0;
						ProvisioningStyle = Automatic;
					};
				};
			};
			buildConfigurationList = EEA59CAB1D8C93D20055F7C1 /* Build configuration list for PBXProject "Exercise12_VoidBlock" */;
			compatibilityVersion = "Xcode 3.2";
			developmentRegion = English;
			hasScannedForEncodings = 0;
			knownRegions = (
				en,
			);
			mainGroup = EEA59CA71D8C93D20055F7C1;
			productRefGroup = EEA59CB11D8C93D20055F7C1 /* Products */;
			projectDirPath = "";
			projectRoot = "";
			targets = (
				EEA59CAF1D8C93D20055F7C1 /* Exercise12_VoidBlock */,
			);
		};
/* End PBXProject section */

/* Begin PBXSourcesBuildPhase section */
		EEA59CAC1D8C93D20055F7C1 /* Sources */ = {
			isa = PBXSourcesBuildPhase;
			buildActionMask = 2147483647;
			files = (
				EEA59CC21D8C949E0055F7C1 /* Motorcycle.m in Sources */,
				EEA59CBF1D8C94870055F7C1 /* Car.m in Sources */,
				EEA59CBC1D8C940C0055F7C1 /* Vehicle.m in Sources */,
				EEA59CB41D8C93D20055F7C1 /* main.m in Sources */,
			);
			runOnlyForDeploymentPostprocessing = 0;
		};
/* End PBXSourcesBuildPhase section */

/* Begin XCBuildConfiguration section */
		EEA59CB51D8C93D20055F7C1 /* Debug */ = {
			isa = XCBuildConfiguration;
			buildSettings = {
				ALWAYS_SEARCH_USER_PATHS = NO;
				CLANG_ANALYZER_NONNULL = YES;
				CLANG_CXX_LANGUAGE_STANDARD = "gnu++0x";
				CLANG_CXX_LIBRARY = "libc++";
				CLANG_ENABLE_MODULES = YES;
				CLANG_ENABLE_OBJC_ARC = YES;
				CLANG_WARN_BOOL_CONVERSION = YES;
				CLANG_WARN_CONSTANT_CONVERSION = YES;
				CLANG_WARN_DIRECT_OBJC_ISA_USAGE = YES_ERROR;
				CLANG_WARN_DOCUMENTATION_COMMENTS = YES;
				CLANG_WARN_EMPTY_BODY = YES;
				CLANG_WARN_ENUM_CONVERSION = YES;
				CLANG_WARN_INFINITE_RECURSION = YES;
				CLANG_WARN_INT_CONVERSION = YES;
				CLANG_WARN_OBJC_ROOT_CLASS = YES_ERROR;
				CLANG_WARN_SUSPICIOUS_MOVES = YES;
				CLANG_WARN_UNREACHABLE_CODE = YES;
				CLANG_WARN__DUPLICATE_METHOD_MATCH = YES;
				CODE_SIGN_IDENTITY = "-";
				COPY_PHASE_STRIP = NO;
				DEBUG_INFORMATION_FORMAT = dwarf;
				ENABLE_STRICT_OBJC_MSGSEND = YES;
				ENABLE_TESTABILITY = YES;
				GCC_C_LANGUAGE_STANDARD = gnu99;
				GCC_DYNAMIC_NO_PIC = NO;
				GCC_NO_COMMON_BLOCKS = YES;
				GCC_OPTIMIZATION_LEVEL = 0;
				GCC_PREPROCESSOR_DEFINITIONS = (
					"DEBUG=1",
					"$(inherited)",
				);
				GCC_WARN_64_TO_32_BIT_CONVERSION = YES;
				GCC_WARN_ABOUT_RETURN_TYPE = YES_ERROR;
				GCC_WARN_UNDECLARED_SELECTOR = YES;
				GCC_WARN_UNINITIALIZED_AUTOS = YES_AGGRESSIVE;
				GCC_WARN_UNUSED_FUNCTION = YES;
				GCC_WARN_UNUSED_VARIABLE = YES;
				MACOSX_DEPLOYMENT_TARGET = 10.11;
				MTL_ENABLE_DEBUG_INFO = YES;
				ONLY_ACTIVE_ARCH = YES;
				SDKROOT = macosx;
			};
			name = Debug;
		};
		EEA59CB61D8C93D20055F7C1 /* Release */ = {
			isa = XCBuildConfiguration;
			buildSettings = {
				ALWAYS_SEARCH_USER_PATHS = NO;
				CLANG_ANALYZER_NONNULL = YES;
				CLANG_CXX_LANGUAGE_STANDARD = "gnu++0x";
				CLANG_CXX_LIBRARY = "libc++";
				CLANG_ENABLE_MODULES = YES;
				CLANG_ENABLE_OBJC_ARC = YES;
				CLANG_WARN_BOOL_CONVERSION = YES;
				CLANG_WARN_CONSTANT_CONVERSION = YES;
				CLANG_WARN_DIRECT_OBJC_ISA_USAGE = YES_ERROR;
				CLANG_WARN_DOCUMENTATION_COMMENTS = YES;
				CLANG_WARN_EMPTY_BODY = YES;
				CLANG_WARN_ENUM_CONVERSION = YES;
				CLANG_WARN_INFINITE_RECURSION = YES;
				CLANG_WARN_INT_CONVERSION = YES;
				CLANG_WARN_OBJC_ROOT_CLASS = YES_ERROR;
				CLANG_WARN_SUSPICIOUS_MOVES = YES;
				CLANG_WARN_UNREACHABLE_CODE = YES;
				CLANG_WARN__DUPLICATE_METHOD_MATCH = YES;
				CODE_SIGN_IDENTITY = "-";
				COPY_PHASE_STRIP = NO;
				DEBUG_INFORMATION_FORMAT = "dwarf-with-dsym";
				ENABLE_NS_ASSERTIONS = NO;
				ENABLE_STRICT_OBJC_MSGSEND = YES;
				GCC_C_LANGUAGE_STANDARD = gnu99;
				GCC_NO_COMMON_BLOCKS = YES;
				GCC_WARN_64_TO_32_BIT_CONVERSION = YES;
				GCC_WARN_ABOUT_RETURN_TYPE = YES_ERROR;
				GCC_WARN_UNDECLARED_SELECTOR = YES;
				GCC_WARN_UNINITIALIZED_AUTOS = YES_AGGRESSIVE;
				GCC_WARN_UNUSED_FUNCTION = YES;
				GCC_WARN_UNUSED_VARIABLE = YES;
				MACOSX_DEPLOYMENT_TARGET = 10.11;
				MTL_ENABLE_DEBUG_INFO = NO;
				SDKROOT = macosx;
			};
			name = Release;
		};
		EEA59CB81D8C93D20055F7C1 /* Debug */ = {
			isa = XCBuildConfiguration;
			buildSettings = {
				PRODUCT_NAME = "$(TARGET_NAME)";
			};
			name = Debug;
		};
		EEA59CB91D8C93D20055F7C1 /* Release */ = {
			isa = XCBuildConfiguration;
			buildSettings = {
				PRODUCT_NAME = "$(TARGET_NAME)";
			};
			name = Release;
		};
/* End XCBuildConfiguration section */

/* Begin XCConfigurationList section */
		EEA59CAB1D8C93D20055F7C1 /* Build configuration list for PBXProject "Exercise12_VoidBlock" */ = {
			isa = XCConfigurationList;
			buildConfigurations = (
				EEA59CB51D8C93D20055F7C1 /* Debug */,
				EEA59CB61D8C93D20055F7C1 /* Release */,
			);
			defaultConfigurationIsVisible = 0;
			defaultConfigurationName = Release;
		};
		EEA59CB71D8C93D20055F7C1 /* Build configuration list for PBXNativeTarget "Exercise12_VoidBlock" */ = {
			isa = XCConfigurationList;
			buildConfigurations = (
				EEA59CB81D8C93D20055F7C1 /* Debug */,
				EEA59CB91D8C93D20055F7C1 /* Release */,
			);
			defaultConfigurationIsVisible = 0;
		};
/* End XCConfigurationList section */
	};
	rootObject = EEA59CA81D8C93D20055F7C1 /* Project object */;
}
