// !$*UTF8*$!
{
	archiveVersion = 1;
	classes = {
	};
	objectVersion = 46;
	objects = {

/* Begin PBXBuildFile section */
		3EB5187A1CE4E8EA00D4B30F /* main.m in Sources */ = {isa = PBXBuildFile; fileRef = 3EB518791CE4E8EA00D4B30F /* main.m */; };
		3EB518821CE4E94D00D4B30F /* Pokemon.m in Sources */ = {isa = PBXBuildFile; fileRef = 3EB518811CE4E94D00D4B30F /* Pokemon.m */; };
		3EB518851CE511BF00D4B30F /* Pikachu.m in Sources */ = {isa = PBXBuildFile; fileRef = 3EB518841CE511BF00D4B30F /* Pikachu.m */; };
/* End PBXBuildFile section */

/* Begin PBXCopyFilesBuildPhase section */
		3EB518741CE4E8EA00D4B30F /* CopyFiles */ = {
			isa = PBXCopyFilesBuildPhase;
			buildActionMask = 2147483647;
			dstPath = /usr/share/man/man1/;
			dstSubfolderSpec = 0;
			files = (
			);
			runOnlyForDeploymentPostprocessing = 1;
		};
/* End PBXCopyFilesBuildPhase section */

/* Begin PBXFileReference section */
		3EB518761CE4E8EA00D4B30F /* class 13 */ = {isa = PBXFileReference; explicitFileType = "compiled.mach-o.executable"; includeInIndex = 0; path = "class 13"; sourceTree = BUILT_PRODUCTS_DIR; };
		3EB518791CE4E8EA00D4B30F /* main.m */ = {isa = PBXFileReference; lastKnownFileType = sourcecode.c.objc; path = main.m; sourceTree = "<group>"; };
		3EB518801CE4E94D00D4B30F /* Pokemon.h */ = {isa = PBXFileReference; fileEncoding = 4; lastKnownFileType = sourcecode.c.h; path = Pokemon.h; sourceTree = "<group>"; };
		3EB518811CE4E94D00D4B30F /* Pokemon.m */ = {isa = PBXFileReference; fileEncoding = 4; lastKnownFileType = sourcecode.c.objc; path = Pokemon.m; sourceTree = "<group>"; };
		3EB518831CE511BF00D4B30F /* Pikachu.h */ = {isa = PBXFileReference; fileEncoding = 4; lastKnownFileType = sourcecode.c.h; path = Pikachu.h; sourceTree = "<group>"; };
		3EB518841CE511BF00D4B30F /* Pikachu.m */ = {isa = PBXFileReference; fileEncoding = 4; lastKnownFileType = sourcecode.c.objc; path = Pikachu.m; sourceTree = "<group>"; };
/* End PBXFileReference section */

/* Begin PBXFrameworksBuildPhase section */
		3EB518731CE4E8EA00D4B30F /* Frameworks */ = {
			isa = PBXFrameworksBuildPhase;
			buildActionMask = 2147483647;
			files = (
			);
			runOnlyForDeploymentPostprocessing = 0;
		};
/* End PBXFrameworksBuildPhase section */

/* Begin PBXGroup section */
		3EB5186D1CE4E8E900D4B30F = {
			isa = PBXGroup;
			children = (
				3EB518781CE4E8EA00D4B30F /* class 13 */,
				3EB518771CE4E8EA00D4B30F /* Products */,
			);
			sourceTree = "<group>";
		};
		3EB518771CE4E8EA00D4B30F /* Products */ = {
			isa = PBXGroup;
			children = (
				3EB518761CE4E8EA00D4B30F /* class 13 */,
			);
			name = Products;
			sourceTree = "<group>";
		};
		3EB518781CE4E8EA00D4B30F /* class 13 */ = {
			isa = PBXGroup;
			children = (
				3EB518791CE4E8EA00D4B30F /* main.m */,
				3EB518801CE4E94D00D4B30F /* Pokemon.h */,
				3EB518811CE4E94D00D4B30F /* Pokemon.m */,
				3EB518831CE511BF00D4B30F /* Pikachu.h */,
				3EB518841CE511BF00D4B30F /* Pikachu.m */,
			);
			path = "class 13";
			sourceTree = "<group>";
		};
/* End PBXGroup section */

/* Begin PBXNativeTarget section */
		3EB518751CE4E8EA00D4B30F /* class 13 */ = {
			isa = PBXNativeTarget;
			buildConfigurationList = 3EB5187D1CE4E8EA00D4B30F /* Build configuration list for PBXNativeTarget "class 13" */;
			buildPhases = (
				3EB518721CE4E8EA00D4B30F /* Sources */,
				3EB518731CE4E8EA00D4B30F /* Frameworks */,
				3EB518741CE4E8EA00D4B30F /* CopyFiles */,
			);
			buildRules = (
			);
			dependencies = (
			);
			name = "class 13";
			productName = "class 13";
			productReference = 3EB518761CE4E8EA00D4B30F /* class 13 */;
			productType = "com.apple.product-type.tool";
		};
/* End PBXNativeTarget section */

/* Begin PBXProject section */
		3EB5186E1CE4E8E900D4B30F /* Project object */ = {
			isa = PBXProject;
			attributes = {
				LastUpgradeCheck = 0720;
				ORGANIZATIONNAME = "Dennis Pham";
				TargetAttributes = {
					3EB518751CE4E8EA00D4B30F = {
						CreatedOnToolsVersion = 7.2;
					};
				};
			};
			buildConfigurationList = 3EB518711CE4E8E900D4B30F /* Build configuration list for PBXProject "class 13" */;
			compatibilityVersion = "Xcode 3.2";
			developmentRegion = English;
			hasScannedForEncodings = 0;
			knownRegions = (
				en,
			);
			mainGroup = 3EB5186D1CE4E8E900D4B30F;
			productRefGroup = 3EB518771CE4E8EA00D4B30F /* Products */;
			projectDirPath = "";
			projectRoot = "";
			targets = (
				3EB518751CE4E8EA00D4B30F /* class 13 */,
			);
		};
/* End PBXProject section */

/* Begin PBXSourcesBuildPhase section */
		3EB518721CE4E8EA00D4B30F /* Sources */ = {
			isa = PBXSourcesBuildPhase;
			buildActionMask = 2147483647;
			files = (
				3EB518851CE511BF00D4B30F /* Pikachu.m in Sources */,
				3EB5187A1CE4E8EA00D4B30F /* main.m in Sources */,
				3EB518821CE4E94D00D4B30F /* Pokemon.m in Sources */,
			);
			runOnlyForDeploymentPostprocessing = 0;
		};
/* End PBXSourcesBuildPhase section */

/* Begin XCBuildConfiguration section */
		3EB5187B1CE4E8EA00D4B30F /* Debug */ = {
			isa = XCBuildConfiguration;
			buildSettings = {
				ALWAYS_SEARCH_USER_PATHS = NO;
				CLANG_CXX_LANGUAGE_STANDARD = "gnu++0x";
				CLANG_CXX_LIBRARY = "libc++";
				CLANG_ENABLE_MODULES = YES;
				CLANG_ENABLE_OBJC_ARC = YES;
				CLANG_WARN_BOOL_CONVERSION = YES;
				CLANG_WARN_CONSTANT_CONVERSION = YES;
				CLANG_WARN_DIRECT_OBJC_ISA_USAGE = YES_ERROR;
				CLANG_WARN_EMPTY_BODY = YES;
				CLANG_WARN_ENUM_CONVERSION = YES;
				CLANG_WARN_INT_CONVERSION = YES;
				CLANG_WARN_OBJC_ROOT_CLASS = YES_ERROR;
				CLANG_WARN_UNREACHABLE_CODE = YES;
				CLANG_WARN__DUPLICATE_METHOD_MATCH = YES;
				CODE_SIGN_IDENTITY = "-";
				COPY_PHASE_STRIP = NO;
				DEBUG_INFORMATION_FORMAT = dwarf;
				ENABLE_STRICT_OBJC_MSGSEND = YES;
				ENABLE_TESTABILITY = YES;
				GCC_C_LANGUAGE_STANDARD = gnu99;
				GCC_DYNAMIC_NO_PIC = NO;
				GCC_NO_COMMON_BLOCKS = YES;
				GCC_OPTIMIZATION_LEVEL = 0;
				GCC_PREPROCESSOR_DEFINITIONS = (
					"DEBUG=1",
					"$(inherited)",
				);
				GCC_WARN_64_TO_32_BIT_CONVERSION = YES;
				GCC_WARN_ABOUT_RETURN_TYPE = YES_ERROR;
				GCC_WARN_UNDECLARED_SELECTOR = YES;
				GCC_WARN_UNINITIALIZED_AUTOS = YES_AGGRESSIVE;
				GCC_WARN_UNUSED_FUNCTION = YES;
				GCC_WARN_UNUSED_VARIABLE = YES;
				MACOSX_DEPLOYMENT_TARGET = 10.10;
				MTL_ENABLE_DEBUG_INFO = YES;
				ONLY_ACTIVE_ARCH = YES;
				SDKROOT = macosx;
			};
			name = Debug;
		};
		3EB5187C1CE4E8EA00D4B30F /* Release */ = {
			isa = XCBuildConfiguration;
			buildSettings = {
				ALWAYS_SEARCH_USER_PATHS = NO;
				CLANG_CXX_LANGUAGE_STANDARD = "gnu++0x";
				CLANG_CXX_LIBRARY = "libc++";
				CLANG_ENABLE_MODULES = YES;
				CLANG_ENABLE_OBJC_ARC = YES;
				CLANG_WARN_BOOL_CONVERSION = YES;
				CLANG_WARN_CONSTANT_CONVERSION = YES;
				CLANG_WARN_DIRECT_OBJC_ISA_USAGE = YES_ERROR;
				CLANG_WARN_EMPTY_BODY = YES;
				CLANG_WARN_ENUM_CONVERSION = YES;
				CLANG_WARN_INT_CONVERSION = YES;
				CLANG_WARN_OBJC_ROOT_CLASS = YES_ERROR;
				CLANG_WARN_UNREACHABLE_CODE = YES;
				CLANG_WARN__DUPLICATE_METHOD_MATCH = YES;
				CODE_SIGN_IDENTITY = "-";
				COPY_PHASE_STRIP = NO;
				DEBUG_INFORMATION_FORMAT = "dwarf-with-dsym";
				ENABLE_NS_ASSERTIONS = NO;
				ENABLE_STRICT_OBJC_MSGSEND = YES;
				GCC_C_LANGUAGE_STANDARD = gnu99;
				GCC_NO_COMMON_BLOCKS = YES;
				GCC_WARN_64_TO_32_BIT_CONVERSION = YES;
				GCC_WARN_ABOUT_RETURN_TYPE = YES_ERROR;
				GCC_WARN_UNDECLARED_SELECTOR = YES;
				GCC_WARN_UNINITIALIZED_AUTOS = YES_AGGRESSIVE;
				GCC_WARN_UNUSED_FUNCTION = YES;
				GCC_WARN_UNUSED_VARIABLE = YES;
				MACOSX_DEPLOYMENT_TARGET = 10.10;
				MTL_ENABLE_DEBUG_INFO = NO;
				SDKROOT = macosx;
			};
			name = Release;
		};
		3EB5187E1CE4E8EA00D4B30F /* Debug */ = {
			isa = XCBuildConfiguration;
			buildSettings = {
				PRODUCT_NAME = "$(TARGET_NAME)";
			};
			name = Debug;
		};
		3EB5187F1CE4E8EA00D4B30F /* Release */ = {
			isa = XCBuildConfiguration;
			buildSettings = {
				PRODUCT_NAME = "$(TARGET_NAME)";
			};
			name = Release;
		};
/* End XCBuildConfiguration section */

/* Begin XCConfigurationList section */
		3EB518711CE4E8E900D4B30F /* Build configuration list for PBXProject "class 13" */ = {
			isa = XCConfigurationList;
			buildConfigurations = (
				3EB5187B1CE4E8EA00D4B30F /* Debug */,
				3EB5187C1CE4E8EA00D4B30F /* Release */,
			);
			defaultConfigurationIsVisible = 0;
			defaultConfigurationName = Release;
		};
		3EB5187D1CE4E8EA00D4B30F /* Build configuration list for PBXNativeTarget "class 13" */ = {
			isa = XCConfigurationList;
			buildConfigurations = (
				3EB5187E1CE4E8EA00D4B30F /* Debug */,
				3EB5187F1CE4E8EA00D4B30F /* Release */,
			);
			defaultConfigurationIsVisible = 0;
		};
/* End XCConfigurationList section */
	};
	rootObject = 3EB5186E1CE4E8E900D4B30F /* Project object */;
}
