// !$*UTF8*$!
{
	archiveVersion = 1;
	classes = {
	};
	objectVersion = 46;
	objects = {

/* Begin PBXBuildFile section */
		EEED8C511D70F75500BE6D32 /* main.c in Sources */ = {isa = PBXBuildFile; fileRef = EEED8C501D70F75500BE6D32 /* main.c */; };
/* End PBXBuildFile section */

/* Begin PBXCopyFilesBuildPhase section */
		EEED8C4B1D70F75500BE6D32 /* CopyFiles */ = {
			isa = PBXCopyFilesBuildPhase;
			buildActionMask = 2147483647;
			dstPath = /usr/share/man/man1/;
			dstSubfolderSpec = 0;
			files = (
			);
			runOnlyForDeploymentPostprocessing = 1;
		};
/* End PBXCopyFilesBuildPhase section */

/* Begin PBXFileReference section */
		EEED8C4D1D70F75500BE6D32 /* EntryPoints */ = {isa = PBXFileReference; explicitFileType = "compiled.mach-o.executable"; includeInIndex = 0; path = EntryPoints; sourceTree = BUILT_PRODUCTS_DIR; };
		EEED8C501D70F75500BE6D32 /* main.c */ = {isa = PBXFileReference; lastKnownFileType = sourcecode.c.c; path = main.c; sourceTree = "<group>"; };
/* End PBXFileReference section */

/* Begin PBXFrameworksBuildPhase section */
		EEED8C4A1D70F75500BE6D32 /* Frameworks */ = {
			isa = PBXFrameworksBuildPhase;
			buildActionMask = 2147483647;
			files = (
			);
			runOnlyForDeploymentPostprocessing = 0;
		};
/* End PBXFrameworksBuildPhase section */

/* Begin PBXGroup section */
		EEED8C441D70F75500BE6D32 = {
			isa = PBXGroup;
			children = (
				EEED8C4F1D70F75500BE6D32 /* EntryPoints */,
				EEED8C4E1D70F75500BE6D32 /* Products */,
			);
			sourceTree = "<group>";
		};
		EEED8C4E1D70F75500BE6D32 /* Products */ = {
			isa = PBXGroup;
			children = (
				EEED8C4D1D70F75500BE6D32 /* EntryPoints */,
			);
			name = Products;
			sourceTree = "<group>";
		};
		EEED8C4F1D70F75500BE6D32 /* EntryPoints */ = {
			isa = PBXGroup;
			children = (
				EEED8C501D70F75500BE6D32 /* main.c */,
			);
			path = EntryPoints;
			sourceTree = "<group>";
		};
/* End PBXGroup section */

/* Begin PBXNativeTarget section */
		EEED8C4C1D70F75500BE6D32 /* EntryPoints */ = {
			isa = PBXNativeTarget;
			buildConfigurationList = EEED8C541D70F75500BE6D32 /* Build configuration list for PBXNativeTarget "EntryPoints" */;
			buildPhases = (
				EEED8C491D70F75500BE6D32 /* Sources */,
				EEED8C4A1D70F75500BE6D32 /* Frameworks */,
				EEED8C4B1D70F75500BE6D32 /* CopyFiles */,
			);
			buildRules = (
			);
			dependencies = (
			);
			name = EntryPoints;
			productName = EntryPoints;
			productReference = EEED8C4D1D70F75500BE6D32 /* EntryPoints */;
			productType = "com.apple.product-type.tool";
		};
/* End PBXNativeTarget section */

/* Begin PBXProject section */
		EEED8C451D70F75500BE6D32 /* Project object */ = {
			isa = PBXProject;
			attributes = {
				LastUpgradeCheck = 0700;
				ORGANIZATIONNAME = Boyoung;
				TargetAttributes = {
					EEED8C4C1D70F75500BE6D32 = {
						CreatedOnToolsVersion = 7.0;
					};
				};
			};
			buildConfigurationList = EEED8C481D70F75500BE6D32 /* Build configuration list for PBXProject "EntryPoints" */;
			compatibilityVersion = "Xcode 3.2";
			developmentRegion = English;
			hasScannedForEncodings = 0;
			knownRegions = (
				en,
			);
			mainGroup = EEED8C441D70F75500BE6D32;
			productRefGroup = EEED8C4E1D70F75500BE6D32 /* Products */;
			projectDirPath = "";
			projectRoot = "";
			targets = (
				EEED8C4C1D70F75500BE6D32 /* EntryPoints */,
			);
		};
/* End PBXProject section */

/* Begin PBXSourcesBuildPhase section */
		EEED8C491D70F75500BE6D32 /* Sources */ = {
			isa = PBXSourcesBuildPhase;
			buildActionMask = 2147483647;
			files = (
				EEED8C511D70F75500BE6D32 /* main.c in Sources */,
			);
			runOnlyForDeploymentPostprocessing = 0;
		};
/* End PBXSourcesBuildPhase section */

/* Begin XCBuildConfiguration section */
		EEED8C521D70F75500BE6D32 /* Debug */ = {
			isa = XCBuildConfiguration;
			buildSettings = {
				ALWAYS_SEARCH_USER_PATHS = NO;
				CLANG_CXX_LANGUAGE_STANDARD = "gnu++0x";
				CLANG_CXX_LIBRARY = "libc++";
				CLANG_ENABLE_MODULES = YES;
				CLANG_ENABLE_OBJC_ARC = YES;
				CLANG_WARN_BOOL_CONVERSION = YES;
				CLANG_WARN_CONSTANT_CONVERSION = YES;
				CLANG_WARN_DIRECT_OBJC_ISA_USAGE = YES_ERROR;
				CLANG_WARN_EMPTY_BODY = YES;
				CLANG_WARN_ENUM_CONVERSION = YES;
				CLANG_WARN_INT_CONVERSION = YES;
				CLANG_WARN_OBJC_ROOT_CLASS = YES_ERROR;
				CLANG_WARN_UNREACHABLE_CODE = YES;
				CLANG_WARN__DUPLICATE_METHOD_MATCH = YES;
				COPY_PHASE_STRIP = NO;
				DEBUG_INFORMATION_FORMAT = dwarf;
				ENABLE_STRICT_OBJC_MSGSEND = YES;
				ENABLE_TESTABILITY = YES;
				GCC_C_LANGUAGE_STANDARD = gnu99;
				GCC_DYNAMIC_NO_PIC = NO;
				GCC_NO_COMMON_BLOCKS = YES;
				GCC_OPTIMIZATION_LEVEL = 0;
				GCC_PREPROCESSOR_DEFINITIONS = (
					"DEBUG=1",
					"$(inherited)",
				);
				GCC_WARN_64_TO_32_BIT_CONVERSION = YES;
				GCC_WARN_ABOUT_RETURN_TYPE = YES_ERROR;
				GCC_WARN_UNDECLARED_SELECTOR = YES;
				GCC_WARN_UNINITIALIZED_AUTOS = YES_AGGRESSIVE;
				GCC_WARN_UNUSED_FUNCTION = YES;
				GCC_WARN_UNUSED_VARIABLE = YES;
				MACOSX_DEPLOYMENT_TARGET = 10.11;
				MTL_ENABLE_DEBUG_INFO = YES;
				ONLY_ACTIVE_ARCH = YES;
				SDKROOT = macosx;
			};
			name = Debug;
		};
		EEED8C531D70F75500BE6D32 /* Release */ = {
			isa = XCBuildConfiguration;
			buildSettings = {
				ALWAYS_SEARCH_USER_PATHS = NO;
				CLANG_CXX_LANGUAGE_STANDARD = "gnu++0x";
				CLANG_CXX_LIBRARY = "libc++";
				CLANG_ENABLE_MODULES = YES;
				CLANG_ENABLE_OBJC_ARC = YES;
				CLANG_WARN_BOOL_CONVERSION = YES;
				CLANG_WARN_CONSTANT_CONVERSION = YES;
				CLANG_WARN_DIRECT_OBJC_ISA_USAGE = YES_ERROR;
				CLANG_WARN_EMPTY_BODY = YES;
				CLANG_WARN_ENUM_CONVERSION = YES;
				CLANG_WARN_INT_CONVERSION = YES;
				CLANG_WARN_OBJC_ROOT_CLASS = YES_ERROR;
				CLANG_WARN_UNREACHABLE_CODE = YES;
				CLANG_WARN__DUPLICATE_METHOD_MATCH = YES;
				COPY_PHASE_STRIP = NO;
				DEBUG_INFORMATION_FORMAT = "dwarf-with-dsym";
				ENABLE_NS_ASSERTIONS = NO;
				ENABLE_STRICT_OBJC_MSGSEND = YES;
				GCC_C_LANGUAGE_STANDARD = gnu99;
				GCC_NO_COMMON_BLOCKS = YES;
				GCC_WARN_64_TO_32_BIT_CONVERSION = YES;
				GCC_WARN_ABOUT_RETURN_TYPE = YES_ERROR;
				GCC_WARN_UNDECLARED_SELECTOR = YES;
				GCC_WARN_UNINITIALIZED_AUTOS = YES_AGGRESSIVE;
				GCC_WARN_UNUSED_FUNCTION = YES;
				GCC_WARN_UNUSED_VARIABLE = YES;
				MACOSX_DEPLOYMENT_TARGET = 10.11;
				MTL_ENABLE_DEBUG_INFO = NO;
				SDKROOT = macosx;
			};
			name = Release;
		};
		EEED8C551D70F75500BE6D32 /* Debug */ = {
			isa = XCBuildConfiguration;
			buildSettings = {
				PRODUCT_NAME = "$(TARGET_NAME)";
			};
			name = Debug;
		};
		EEED8C561D70F75500BE6D32 /* Release */ = {
			isa = XCBuildConfiguration;
			buildSettings = {
				PRODUCT_NAME = "$(TARGET_NAME)";
			};
			name = Release;
		};
/* End XCBuildConfiguration section */

/* Begin XCConfigurationList section */
		EEED8C481D70F75500BE6D32 /* Build configuration list for PBXProject "EntryPoints" */ = {
			isa = XCConfigurationList;
			buildConfigurations = (
				EEED8C521D70F75500BE6D32 /* Debug */,
				EEED8C531D70F75500BE6D32 /* Release */,
			);
			defaultConfigurationIsVisible = 0;
			defaultConfigurationName = Release;
		};
		EEED8C541D70F75500BE6D32 /* Build configuration list for PBXNativeTarget "EntryPoints" */ = {
			isa = XCConfigurationList;
			buildConfigurations = (
				EEED8C551D70F75500BE6D32 /* Debug */,
				EEED8C561D70F75500BE6D32 /* Release */,
			);
			defaultConfigurationIsVisible = 0;
		};
/* End XCConfigurationList section */
	};
	rootObject = EEED8C451D70F75500BE6D32 /* Project object */;
}
