// !$*UTF8*$!
{
	archiveVersion = 1;
	classes = {
	};
	objectVersion = 46;
	objects = {

/* Begin PBXBuildFile section */
		E125829B1D78CFAD00462E35 /* main.c in Sources */ = {isa = PBXBuildFile; fileRef = E125829A1D78CFAD00462E35 /* main.c */; };
		E12582A31D78D02300462E35 /* Mark.c in Sources */ = {isa = PBXBuildFile; fileRef = E12582A11D78D02300462E35 /* Mark.c */; };
/* End PBXBuildFile section */

/* Begin PBXCopyFilesBuildPhase section */
		E12582951D78CFAD00462E35 /* CopyFiles */ = {
			isa = PBXCopyFilesBuildPhase;
			buildActionMask = 2147483647;
			dstPath = /usr/share/man/man1/;
			dstSubfolderSpec = 0;
			files = (
			);
			runOnlyForDeploymentPostprocessing = 1;
		};
/* End PBXCopyFilesBuildPhase section */

/* Begin PBXFileReference section */
		E12582971D78CFAD00462E35 /* Classrooms */ = {isa = PBXFileReference; explicitFileType = "compiled.mach-o.executable"; includeInIndex = 0; path = Classrooms; sourceTree = BUILT_PRODUCTS_DIR; };
		E125829A1D78CFAD00462E35 /* main.c */ = {isa = PBXFileReference; lastKnownFileType = sourcecode.c.c; path = main.c; sourceTree = "<group>"; };
		E12582A11D78D02300462E35 /* Mark.c */ = {isa = PBXFileReference; fileEncoding = 4; lastKnownFileType = sourcecode.c.c; path = Mark.c; sourceTree = "<group>"; };
		E12582A21D78D02300462E35 /* Mark.h */ = {isa = PBXFileReference; fileEncoding = 4; lastKnownFileType = sourcecode.c.h; path = Mark.h; sourceTree = "<group>"; };
		E12582A41D78D06F00462E35 /* Utilities.h */ = {isa = PBXFileReference; lastKnownFileType = sourcecode.c.h; path = Utilities.h; sourceTree = "<group>"; };
/* End PBXFileReference section */

/* Begin PBXFrameworksBuildPhase section */
		E12582941D78CFAD00462E35 /* Frameworks */ = {
			isa = PBXFrameworksBuildPhase;
			buildActionMask = 2147483647;
			files = (
			);
			runOnlyForDeploymentPostprocessing = 0;
		};
/* End PBXFrameworksBuildPhase section */

/* Begin PBXGroup section */
		E125828E1D78CFAD00462E35 = {
			isa = PBXGroup;
			children = (
				E12582991D78CFAD00462E35 /* Classrooms */,
				E12582981D78CFAD00462E35 /* Products */,
			);
			sourceTree = "<group>";
		};
		E12582981D78CFAD00462E35 /* Products */ = {
			isa = PBXGroup;
			children = (
				E12582971D78CFAD00462E35 /* Classrooms */,
			);
			name = Products;
			sourceTree = "<group>";
		};
		E12582991D78CFAD00462E35 /* Classrooms */ = {
			isa = PBXGroup;
			children = (
				E125829A1D78CFAD00462E35 /* main.c */,
				E12582A11D78D02300462E35 /* Mark.c */,
				E12582A21D78D02300462E35 /* Mark.h */,
				E12582A41D78D06F00462E35 /* Utilities.h */,
			);
			path = Classrooms;
			sourceTree = "<group>";
		};
/* End PBXGroup section */

/* Begin PBXNativeTarget section */
		E12582961D78CFAD00462E35 /* Classrooms */ = {
			isa = PBXNativeTarget;
			buildConfigurationList = E125829E1D78CFAD00462E35 /* Build configuration list for PBXNativeTarget "Classrooms" */;
			buildPhases = (
				E12582931D78CFAD00462E35 /* Sources */,
				E12582941D78CFAD00462E35 /* Frameworks */,
				E12582951D78CFAD00462E35 /* CopyFiles */,
			);
			buildRules = (
			);
			dependencies = (
			);
			name = Classrooms;
			productName = Classrooms;
			productReference = E12582971D78CFAD00462E35 /* Classrooms */;
			productType = "com.apple.product-type.tool";
		};
/* End PBXNativeTarget section */

/* Begin PBXProject section */
		E125828F1D78CFAD00462E35 /* Project object */ = {
			isa = PBXProject;
			attributes = {
				LastUpgradeCheck = 0720;
				ORGANIZATIONNAME = Nicholas;
				TargetAttributes = {
					E12582961D78CFAD00462E35 = {
						CreatedOnToolsVersion = 7.2;
					};
				};
			};
			buildConfigurationList = E12582921D78CFAD00462E35 /* Build configuration list for PBXProject "Classrooms" */;
			compatibilityVersion = "Xcode 3.2";
			developmentRegion = English;
			hasScannedForEncodings = 0;
			knownRegions = (
				en,
			);
			mainGroup = E125828E1D78CFAD00462E35;
			productRefGroup = E12582981D78CFAD00462E35 /* Products */;
			projectDirPath = "";
			projectRoot = "";
			targets = (
				E12582961D78CFAD00462E35 /* Classrooms */,
			);
		};
/* End PBXProject section */

/* Begin PBXSourcesBuildPhase section */
		E12582931D78CFAD00462E35 /* Sources */ = {
			isa = PBXSourcesBuildPhase;
			buildActionMask = 2147483647;
			files = (
				E12582A31D78D02300462E35 /* Mark.c in Sources */,
				E125829B1D78CFAD00462E35 /* main.c in Sources */,
			);
			runOnlyForDeploymentPostprocessing = 0;
		};
/* End PBXSourcesBuildPhase section */

/* Begin XCBuildConfiguration section */
		E125829C1D78CFAD00462E35 /* Debug */ = {
			isa = XCBuildConfiguration;
			buildSettings = {
				ALWAYS_SEARCH_USER_PATHS = NO;
				CLANG_CXX_LANGUAGE_STANDARD = "gnu++0x";
				CLANG_CXX_LIBRARY = "libc++";
				CLANG_ENABLE_MODULES = YES;
				CLANG_ENABLE_OBJC_ARC = YES;
				CLANG_WARN_BOOL_CONVERSION = YES;
				CLANG_WARN_CONSTANT_CONVERSION = YES;
				CLANG_WARN_DIRECT_OBJC_ISA_USAGE = YES_ERROR;
				CLANG_WARN_EMPTY_BODY = YES;
				CLANG_WARN_ENUM_CONVERSION = YES;
				CLANG_WARN_INT_CONVERSION = YES;
				CLANG_WARN_OBJC_ROOT_CLASS = YES_ERROR;
				CLANG_WARN_UNREACHABLE_CODE = YES;
				CLANG_WARN__DUPLICATE_METHOD_MATCH = YES;
				CODE_SIGN_IDENTITY = "-";
				COPY_PHASE_STRIP = NO;
				DEBUG_INFORMATION_FORMAT = dwarf;
				ENABLE_STRICT_OBJC_MSGSEND = YES;
				ENABLE_TESTABILITY = YES;
				GCC_C_LANGUAGE_STANDARD = gnu99;
				GCC_DYNAMIC_NO_PIC = NO;
				GCC_NO_COMMON_BLOCKS = YES;
				GCC_OPTIMIZATION_LEVEL = 0;
				GCC_PREPROCESSOR_DEFINITIONS = (
					"DEBUG=1",
					"$(inherited)",
				);
				GCC_WARN_64_TO_32_BIT_CONVERSION = YES;
				GCC_WARN_ABOUT_RETURN_TYPE = YES_ERROR;
				GCC_WARN_UNDECLARED_SELECTOR = YES;
				GCC_WARN_UNINITIALIZED_AUTOS = YES_AGGRESSIVE;
				GCC_WARN_UNUSED_FUNCTION = YES;
				GCC_WARN_UNUSED_VARIABLE = YES;
				MACOSX_DEPLOYMENT_TARGET = 10.11;
				MTL_ENABLE_DEBUG_INFO = YES;
				ONLY_ACTIVE_ARCH = YES;
				SDKROOT = macosx;
			};
			name = Debug;
		};
		E125829D1D78CFAD00462E35 /* Release */ = {
			isa = XCBuildConfiguration;
			buildSettings = {
				ALWAYS_SEARCH_USER_PATHS = NO;
				CLANG_CXX_LANGUAGE_STANDARD = "gnu++0x";
				CLANG_CXX_LIBRARY = "libc++";
				CLANG_ENABLE_MODULES = YES;
				CLANG_ENABLE_OBJC_ARC = YES;
				CLANG_WARN_BOOL_CONVERSION = YES;
				CLANG_WARN_CONSTANT_CONVERSION = YES;
				CLANG_WARN_DIRECT_OBJC_ISA_USAGE = YES_ERROR;
				CLANG_WARN_EMPTY_BODY = YES;
				CLANG_WARN_ENUM_CONVERSION = YES;
				CLANG_WARN_INT_CONVERSION = YES;
				CLANG_WARN_OBJC_ROOT_CLASS = YES_ERROR;
				CLANG_WARN_UNREACHABLE_CODE = YES;
				CLANG_WARN__DUPLICATE_METHOD_MATCH = YES;
				CODE_SIGN_IDENTITY = "-";
				COPY_PHASE_STRIP = NO;
				DEBUG_INFORMATION_FORMAT = "dwarf-with-dsym";
				ENABLE_NS_ASSERTIONS = NO;
				ENABLE_STRICT_OBJC_MSGSEND = YES;
				GCC_C_LANGUAGE_STANDARD = gnu99;
				GCC_NO_COMMON_BLOCKS = YES;
				GCC_WARN_64_TO_32_BIT_CONVERSION = YES;
				GCC_WARN_ABOUT_RETURN_TYPE = YES_ERROR;
				GCC_WARN_UNDECLARED_SELECTOR = YES;
				GCC_WARN_UNINITIALIZED_AUTOS = YES_AGGRESSIVE;
				GCC_WARN_UNUSED_FUNCTION = YES;
				GCC_WARN_UNUSED_VARIABLE = YES;
				MACOSX_DEPLOYMENT_TARGET = 10.11;
				MTL_ENABLE_DEBUG_INFO = NO;
				SDKROOT = macosx;
			};
			name = Release;
		};
		E125829F1D78CFAD00462E35 /* Debug */ = {
			isa = XCBuildConfiguration;
			buildSettings = {
				PRODUCT_NAME = "$(TARGET_NAME)";
			};
			name = Debug;
		};
		E12582A01D78CFAD00462E35 /* Release */ = {
			isa = XCBuildConfiguration;
			buildSettings = {
				PRODUCT_NAME = "$(TARGET_NAME)";
			};
			name = Release;
		};
/* End XCBuildConfiguration section */

/* Begin XCConfigurationList section */
		E12582921D78CFAD00462E35 /* Build configuration list for PBXProject "Classrooms" */ = {
			isa = XCConfigurationList;
			buildConfigurations = (
				E125829C1D78CFAD00462E35 /* Debug */,
				E125829D1D78CFAD00462E35 /* Release */,
			);
			defaultConfigurationIsVisible = 0;
			defaultConfigurationName = Release;
		};
		E125829E1D78CFAD00462E35 /* Build configuration list for PBXNativeTarget "Classrooms" */ = {
			isa = XCConfigurationList;
			buildConfigurations = (
				E125829F1D78CFAD00462E35 /* Debug */,
				E12582A01D78CFAD00462E35 /* Release */,
			);
			defaultConfigurationIsVisible = 0;
		};
/* End XCConfigurationList section */
	};
	rootObject = E125828F1D78CFAD00462E35 /* Project object */;
}
