// !$*UTF8*$!
{
	archiveVersion = 1;
	classes = {
	};
	objectVersion = 46;
	objects = {

/* Begin PBXBuildFile section */
		D2259C8D1D875B350071D0BA /* BNREmployee.m in Sources */ = {isa = PBXBuildFile; fileRef = D2259C8C1D875B350071D0BA /* BNREmployee.m */; };
		D28313BD1D80D3C800C6767F /* main.m in Sources */ = {isa = PBXBuildFile; fileRef = D28313BC1D80D3C800C6767F /* main.m */; };
		D28313C51D80D55900C6767F /* BNRPerson.m in Sources */ = {isa = PBXBuildFile; fileRef = D28313C41D80D55900C6767F /* BNRPerson.m */; };
/* End PBXBuildFile section */

/* Begin PBXCopyFilesBuildPhase section */
		D28313B71D80D3C800C6767F /* CopyFiles */ = {
			isa = PBXCopyFilesBuildPhase;
			buildActionMask = 2147483647;
			dstPath = /usr/share/man/man1/;
			dstSubfolderSpec = 0;
			files = (
			);
			runOnlyForDeploymentPostprocessing = 1;
		};
/* End PBXCopyFilesBuildPhase section */

/* Begin PBXFileReference section */
		D2259C8B1D875B350071D0BA /* BNREmployee.h */ = {isa = PBXFileReference; fileEncoding = 4; lastKnownFileType = sourcecode.c.h; path = BNREmployee.h; sourceTree = "<group>"; };
		D2259C8C1D875B350071D0BA /* BNREmployee.m */ = {isa = PBXFileReference; fileEncoding = 4; lastKnownFileType = sourcecode.c.objc; path = BNREmployee.m; sourceTree = "<group>"; };
		D28313B91D80D3C800C6767F /* BMITime */ = {isa = PBXFileReference; explicitFileType = "compiled.mach-o.executable"; includeInIndex = 0; path = BMITime; sourceTree = BUILT_PRODUCTS_DIR; };
		D28313BC1D80D3C800C6767F /* main.m */ = {isa = PBXFileReference; lastKnownFileType = sourcecode.c.objc; path = main.m; sourceTree = "<group>"; };
		D28313C31D80D55900C6767F /* BNRPerson.h */ = {isa = PBXFileReference; fileEncoding = 4; lastKnownFileType = sourcecode.c.h; path = BNRPerson.h; sourceTree = "<group>"; };
		D28313C41D80D55900C6767F /* BNRPerson.m */ = {isa = PBXFileReference; fileEncoding = 4; lastKnownFileType = sourcecode.c.objc; path = BNRPerson.m; sourceTree = "<group>"; };
/* End PBXFileReference section */

/* Begin PBXFrameworksBuildPhase section */
		D28313B61D80D3C800C6767F /* Frameworks */ = {
			isa = PBXFrameworksBuildPhase;
			buildActionMask = 2147483647;
			files = (
			);
			runOnlyForDeploymentPostprocessing = 0;
		};
/* End PBXFrameworksBuildPhase section */

/* Begin PBXGroup section */
		D28313B01D80D3C800C6767F = {
			isa = PBXGroup;
			children = (
				D28313BB1D80D3C800C6767F /* BMITime */,
				D28313BA1D80D3C800C6767F /* Products */,
			);
			sourceTree = "<group>";
		};
		D28313BA1D80D3C800C6767F /* Products */ = {
			isa = PBXGroup;
			children = (
				D28313B91D80D3C800C6767F /* BMITime */,
			);
			name = Products;
			sourceTree = "<group>";
		};
		D28313BB1D80D3C800C6767F /* BMITime */ = {
			isa = PBXGroup;
			children = (
				D28313BC1D80D3C800C6767F /* main.m */,
				D28313C31D80D55900C6767F /* BNRPerson.h */,
				D28313C41D80D55900C6767F /* BNRPerson.m */,
				D2259C8B1D875B350071D0BA /* BNREmployee.h */,
				D2259C8C1D875B350071D0BA /* BNREmployee.m */,
			);
			path = BMITime;
			sourceTree = "<group>";
		};
/* End PBXGroup section */

/* Begin PBXNativeTarget section */
		D28313B81D80D3C800C6767F /* BMITime */ = {
			isa = PBXNativeTarget;
			buildConfigurationList = D28313C01D80D3C800C6767F /* Build configuration list for PBXNativeTarget "BMITime" */;
			buildPhases = (
				D28313B51D80D3C800C6767F /* Sources */,
				D28313B61D80D3C800C6767F /* Frameworks */,
				D28313B71D80D3C800C6767F /* CopyFiles */,
			);
			buildRules = (
			);
			dependencies = (
			);
			name = BMITime;
			productName = BMITime;
			productReference = D28313B91D80D3C800C6767F /* BMITime */;
			productType = "com.apple.product-type.tool";
		};
/* End PBXNativeTarget section */

/* Begin PBXProject section */
		D28313B11D80D3C800C6767F /* Project object */ = {
			isa = PBXProject;
			attributes = {
				LastUpgradeCheck = 0720;
				ORGANIZATIONNAME = SG;
				TargetAttributes = {
					D28313B81D80D3C800C6767F = {
						CreatedOnToolsVersion = 7.2;
					};
				};
			};
			buildConfigurationList = D28313B41D80D3C800C6767F /* Build configuration list for PBXProject "BMITime" */;
			compatibilityVersion = "Xcode 3.2";
			developmentRegion = English;
			hasScannedForEncodings = 0;
			knownRegions = (
				en,
			);
			mainGroup = D28313B01D80D3C800C6767F;
			productRefGroup = D28313BA1D80D3C800C6767F /* Products */;
			projectDirPath = "";
			projectRoot = "";
			targets = (
				D28313B81D80D3C800C6767F /* BMITime */,
			);
		};
/* End PBXProject section */

/* Begin PBXSourcesBuildPhase section */
		D28313B51D80D3C800C6767F /* Sources */ = {
			isa = PBXSourcesBuildPhase;
			buildActionMask = 2147483647;
			files = (
				D2259C8D1D875B350071D0BA /* BNREmployee.m in Sources */,
				D28313BD1D80D3C800C6767F /* main.m in Sources */,
				D28313C51D80D55900C6767F /* BNRPerson.m in Sources */,
			);
			runOnlyForDeploymentPostprocessing = 0;
		};
/* End PBXSourcesBuildPhase section */

/* Begin XCBuildConfiguration section */
		D28313BE1D80D3C800C6767F /* Debug */ = {
			isa = XCBuildConfiguration;
			buildSettings = {
				ALWAYS_SEARCH_USER_PATHS = NO;
				CLANG_CXX_LANGUAGE_STANDARD = "gnu++0x";
				CLANG_CXX_LIBRARY = "libc++";
				CLANG_ENABLE_MODULES = YES;
				CLANG_ENABLE_OBJC_ARC = YES;
				CLANG_WARN_BOOL_CONVERSION = YES;
				CLANG_WARN_CONSTANT_CONVERSION = YES;
				CLANG_WARN_DIRECT_OBJC_ISA_USAGE = YES_ERROR;
				CLANG_WARN_EMPTY_BODY = YES;
				CLANG_WARN_ENUM_CONVERSION = YES;
				CLANG_WARN_INT_CONVERSION = YES;
				CLANG_WARN_OBJC_ROOT_CLASS = YES_ERROR;
				CLANG_WARN_UNREACHABLE_CODE = YES;
				CLANG_WARN__DUPLICATE_METHOD_MATCH = YES;
				CODE_SIGN_IDENTITY = "-";
				COPY_PHASE_STRIP = NO;
				DEBUG_INFORMATION_FORMAT = dwarf;
				ENABLE_STRICT_OBJC_MSGSEND = YES;
				ENABLE_TESTABILITY = YES;
				GCC_C_LANGUAGE_STANDARD = gnu99;
				GCC_DYNAMIC_NO_PIC = NO;
				GCC_NO_COMMON_BLOCKS = YES;
				GCC_OPTIMIZATION_LEVEL = 0;
				GCC_PREPROCESSOR_DEFINITIONS = (
					"DEBUG=1",
					"$(inherited)",
				);
				GCC_WARN_64_TO_32_BIT_CONVERSION = YES;
				GCC_WARN_ABOUT_RETURN_TYPE = YES_ERROR;
				GCC_WARN_UNDECLARED_SELECTOR = YES;
				GCC_WARN_UNINITIALIZED_AUTOS = YES_AGGRESSIVE;
				GCC_WARN_UNUSED_FUNCTION = YES;
				GCC_WARN_UNUSED_VARIABLE = YES;
				MACOSX_DEPLOYMENT_TARGET = 10.10;
				MTL_ENABLE_DEBUG_INFO = YES;
				ONLY_ACTIVE_ARCH = YES;
				SDKROOT = macosx;
			};
			name = Debug;
		};
		D28313BF1D80D3C800C6767F /* Release */ = {
			isa = XCBuildConfiguration;
			buildSettings = {
				ALWAYS_SEARCH_USER_PATHS = NO;
				CLANG_CXX_LANGUAGE_STANDARD = "gnu++0x";
				CLANG_CXX_LIBRARY = "libc++";
				CLANG_ENABLE_MODULES = YES;
				CLANG_ENABLE_OBJC_ARC = YES;
				CLANG_WARN_BOOL_CONVERSION = YES;
				CLANG_WARN_CONSTANT_CONVERSION = YES;
				CLANG_WARN_DIRECT_OBJC_ISA_USAGE = YES_ERROR;
				CLANG_WARN_EMPTY_BODY = YES;
				CLANG_WARN_ENUM_CONVERSION = YES;
				CLANG_WARN_INT_CONVERSION = YES;
				CLANG_WARN_OBJC_ROOT_CLASS = YES_ERROR;
				CLANG_WARN_UNREACHABLE_CODE = YES;
				CLANG_WARN__DUPLICATE_METHOD_MATCH = YES;
				CODE_SIGN_IDENTITY = "-";
				COPY_PHASE_STRIP = NO;
				DEBUG_INFORMATION_FORMAT = "dwarf-with-dsym";
				ENABLE_NS_ASSERTIONS = NO;
				ENABLE_STRICT_OBJC_MSGSEND = YES;
				GCC_C_LANGUAGE_STANDARD = gnu99;
				GCC_NO_COMMON_BLOCKS = YES;
				GCC_WARN_64_TO_32_BIT_CONVERSION = YES;
				GCC_WARN_ABOUT_RETURN_TYPE = YES_ERROR;
				GCC_WARN_UNDECLARED_SELECTOR = YES;
				GCC_WARN_UNINITIALIZED_AUTOS = YES_AGGRESSIVE;
				GCC_WARN_UNUSED_FUNCTION = YES;
				GCC_WARN_UNUSED_VARIABLE = YES;
				MACOSX_DEPLOYMENT_TARGET = 10.10;
				MTL_ENABLE_DEBUG_INFO = NO;
				SDKROOT = macosx;
			};
			name = Release;
		};
		D28313C11D80D3C800C6767F /* Debug */ = {
			isa = XCBuildConfiguration;
			buildSettings = {
				PRODUCT_NAME = "$(TARGET_NAME)";
			};
			name = Debug;
		};
		D28313C21D80D3C800C6767F /* Release */ = {
			isa = XCBuildConfiguration;
			buildSettings = {
				PRODUCT_NAME = "$(TARGET_NAME)";
			};
			name = Release;
		};
/* End XCBuildConfiguration section */

/* Begin XCConfigurationList section */
		D28313B41D80D3C800C6767F /* Build configuration list for PBXProject "BMITime" */ = {
			isa = XCConfigurationList;
			buildConfigurations = (
				D28313BE1D80D3C800C6767F /* Debug */,
				D28313BF1D80D3C800C6767F /* Release */,
			);
			defaultConfigurationIsVisible = 0;
			defaultConfigurationName = Release;
		};
		D28313C01D80D3C800C6767F /* Build configuration list for PBXNativeTarget "BMITime" */ = {
			isa = XCConfigurationList;
			buildConfigurations = (
				D28313C11D80D3C800C6767F /* Debug */,
				D28313C21D80D3C800C6767F /* Release */,
			);
			defaultConfigurationIsVisible = 0;
			defaultConfigurationName = Release;
		};
/* End XCConfigurationList section */
	};
	rootObject = D28313B11D80D3C800C6767F /* Project object */;
}
