// !$*UTF8*$!
{
	archiveVersion = 1;
	classes = {
	};
	objectVersion = 46;
	objects = {

/* Begin PBXBuildFile section */
		1C3A81481CE10D6C0080CFFC /* main.m in Sources */ = {isa = PBXBuildFile; fileRef = 1C3A81471CE10D6C0080CFFC /* main.m */; };
		1C3A81511CE10E9D0080CFFC /* CICCCStudent.m in Sources */ = {isa = PBXBuildFile; fileRef = 1C3A81501CE10E9D0080CFFC /* CICCCStudent.m */; };
/* End PBXBuildFile section */

/* Begin PBXCopyFilesBuildPhase section */
		1C3A81421CE10D6C0080CFFC /* CopyFiles */ = {
			isa = PBXCopyFilesBuildPhase;
			buildActionMask = 2147483647;
			dstPath = /usr/share/man/man1/;
			dstSubfolderSpec = 0;
			files = (
			);
			runOnlyForDeploymentPostprocessing = 1;
		};
/* End PBXCopyFilesBuildPhase section */

/* Begin PBXFileReference section */
		1C3A81441CE10D6C0080CFFC /* UsingObjectiveC */ = {isa = PBXFileReference; explicitFileType = "compiled.mach-o.executable"; includeInIndex = 0; path = UsingObjectiveC; sourceTree = BUILT_PRODUCTS_DIR; };
		1C3A81471CE10D6C0080CFFC /* main.m */ = {isa = PBXFileReference; lastKnownFileType = sourcecode.c.objc; path = main.m; sourceTree = "<group>"; };
		1C3A814F1CE10E9D0080CFFC /* CICCCStudent.h */ = {isa = PBXFileReference; fileEncoding = 4; lastKnownFileType = sourcecode.c.h; path = CICCCStudent.h; sourceTree = "<group>"; };
		1C3A81501CE10E9D0080CFFC /* CICCCStudent.m */ = {isa = PBXFileReference; fileEncoding = 4; lastKnownFileType = sourcecode.c.objc; path = CICCCStudent.m; sourceTree = "<group>"; };
/* End PBXFileReference section */

/* Begin PBXFrameworksBuildPhase section */
		1C3A81411CE10D6C0080CFFC /* Frameworks */ = {
			isa = PBXFrameworksBuildPhase;
			buildActionMask = 2147483647;
			files = (
			);
			runOnlyForDeploymentPostprocessing = 0;
		};
/* End PBXFrameworksBuildPhase section */

/* Begin PBXGroup section */
		1C3A813B1CE10D6C0080CFFC = {
			isa = PBXGroup;
			children = (
				1C3A81461CE10D6C0080CFFC /* UsingObjectiveC */,
				1C3A81451CE10D6C0080CFFC /* Products */,
			);
			sourceTree = "<group>";
		};
		1C3A81451CE10D6C0080CFFC /* Products */ = {
			isa = PBXGroup;
			children = (
				1C3A81441CE10D6C0080CFFC /* UsingObjectiveC */,
			);
			name = Products;
			sourceTree = "<group>";
		};
		1C3A81461CE10D6C0080CFFC /* UsingObjectiveC */ = {
			isa = PBXGroup;
			children = (
				1C3A81471CE10D6C0080CFFC /* main.m */,
				1C3A814F1CE10E9D0080CFFC /* CICCCStudent.h */,
				1C3A81501CE10E9D0080CFFC /* CICCCStudent.m */,
			);
			path = UsingObjectiveC;
			sourceTree = "<group>";
		};
/* End PBXGroup section */

/* Begin PBXNativeTarget section */
		1C3A81431CE10D6C0080CFFC /* UsingObjectiveC */ = {
			isa = PBXNativeTarget;
			buildConfigurationList = 1C3A814B1CE10D6C0080CFFC /* Build configuration list for PBXNativeTarget "UsingObjectiveC" */;
			buildPhases = (
				1C3A81401CE10D6C0080CFFC /* Sources */,
				1C3A81411CE10D6C0080CFFC /* Frameworks */,
				1C3A81421CE10D6C0080CFFC /* CopyFiles */,
			);
			buildRules = (
			);
			dependencies = (
			);
			name = UsingObjectiveC;
			productName = UsingObjectiveC;
			productReference = 1C3A81441CE10D6C0080CFFC /* UsingObjectiveC */;
			productType = "com.apple.product-type.tool";
		};
/* End PBXNativeTarget section */

/* Begin PBXProject section */
		1C3A813C1CE10D6C0080CFFC /* Project object */ = {
			isa = PBXProject;
			attributes = {
				LastUpgradeCheck = 0730;
				ORGANIZATIONNAME = "Ideia do Luiz";
				TargetAttributes = {
					1C3A81431CE10D6C0080CFFC = {
						CreatedOnToolsVersion = 7.3.1;
					};
				};
			};
			buildConfigurationList = 1C3A813F1CE10D6C0080CFFC /* Build configuration list for PBXProject "UsingObjectiveC" */;
			compatibilityVersion = "Xcode 3.2";
			developmentRegion = English;
			hasScannedForEncodings = 0;
			knownRegions = (
				en,
			);
			mainGroup = 1C3A813B1CE10D6C0080CFFC;
			productRefGroup = 1C3A81451CE10D6C0080CFFC /* Products */;
			projectDirPath = "";
			projectRoot = "";
			targets = (
				1C3A81431CE10D6C0080CFFC /* UsingObjectiveC */,
			);
		};
/* End PBXProject section */

/* Begin PBXSourcesBuildPhase section */
		1C3A81401CE10D6C0080CFFC /* Sources */ = {
			isa = PBXSourcesBuildPhase;
			buildActionMask = 2147483647;
			files = (
				1C3A81481CE10D6C0080CFFC /* main.m in Sources */,
				1C3A81511CE10E9D0080CFFC /* CICCCStudent.m in Sources */,
			);
			runOnlyForDeploymentPostprocessing = 0;
		};
/* End PBXSourcesBuildPhase section */

/* Begin XCBuildConfiguration section */
		1C3A81491CE10D6C0080CFFC /* Debug */ = {
			isa = XCBuildConfiguration;
			buildSettings = {
				ALWAYS_SEARCH_USER_PATHS = NO;
				CLANG_ANALYZER_NONNULL = YES;
				CLANG_CXX_LANGUAGE_STANDARD = "gnu++0x";
				CLANG_CXX_LIBRARY = "libc++";
				CLANG_ENABLE_MODULES = YES;
				CLANG_ENABLE_OBJC_ARC = YES;
				CLANG_WARN_BOOL_CONVERSION = YES;
				CLANG_WARN_CONSTANT_CONVERSION = YES;
				CLANG_WARN_DIRECT_OBJC_ISA_USAGE = YES_ERROR;
				CLANG_WARN_EMPTY_BODY = YES;
				CLANG_WARN_ENUM_CONVERSION = YES;
				CLANG_WARN_INT_CONVERSION = YES;
				CLANG_WARN_OBJC_ROOT_CLASS = YES_ERROR;
				CLANG_WARN_UNREACHABLE_CODE = YES;
				CLANG_WARN__DUPLICATE_METHOD_MATCH = YES;
				CODE_SIGN_IDENTITY = "-";
				COPY_PHASE_STRIP = NO;
				DEBUG_INFORMATION_FORMAT = dwarf;
				ENABLE_STRICT_OBJC_MSGSEND = YES;
				ENABLE_TESTABILITY = YES;
				GCC_C_LANGUAGE_STANDARD = gnu99;
				GCC_DYNAMIC_NO_PIC = NO;
				GCC_NO_COMMON_BLOCKS = YES;
				GCC_OPTIMIZATION_LEVEL = 0;
				GCC_PREPROCESSOR_DEFINITIONS = (
					"DEBUG=1",
					"$(inherited)",
				);
				GCC_WARN_64_TO_32_BIT_CONVERSION = YES;
				GCC_WARN_ABOUT_RETURN_TYPE = YES_ERROR;
				GCC_WARN_UNDECLARED_SELECTOR = YES;
				GCC_WARN_UNINITIALIZED_AUTOS = YES_AGGRESSIVE;
				GCC_WARN_UNUSED_FUNCTION = YES;
				GCC_WARN_UNUSED_VARIABLE = YES;
				MACOSX_DEPLOYMENT_TARGET = 10.11;
				MTL_ENABLE_DEBUG_INFO = YES;
				ONLY_ACTIVE_ARCH = YES;
				SDKROOT = macosx;
			};
			name = Debug;
		};
		1C3A814A1CE10D6C0080CFFC /* Release */ = {
			isa = XCBuildConfiguration;
			buildSettings = {
				ALWAYS_SEARCH_USER_PATHS = NO;
				CLANG_ANALYZER_NONNULL = YES;
				CLANG_CXX_LANGUAGE_STANDARD = "gnu++0x";
				CLANG_CXX_LIBRARY = "libc++";
				CLANG_ENABLE_MODULES = YES;
				CLANG_ENABLE_OBJC_ARC = YES;
				CLANG_WARN_BOOL_CONVERSION = YES;
				CLANG_WARN_CONSTANT_CONVERSION = YES;
				CLANG_WARN_DIRECT_OBJC_ISA_USAGE = YES_ERROR;
				CLANG_WARN_EMPTY_BODY = YES;
				CLANG_WARN_ENUM_CONVERSION = YES;
				CLANG_WARN_INT_CONVERSION = YES;
				CLANG_WARN_OBJC_ROOT_CLASS = YES_ERROR;
				CLANG_WARN_UNREACHABLE_CODE = YES;
				CLANG_WARN__DUPLICATE_METHOD_MATCH = YES;
				CODE_SIGN_IDENTITY = "-";
				COPY_PHASE_STRIP = NO;
				DEBUG_INFORMATION_FORMAT = "dwarf-with-dsym";
				ENABLE_NS_ASSERTIONS = NO;
				ENABLE_STRICT_OBJC_MSGSEND = YES;
				GCC_C_LANGUAGE_STANDARD = gnu99;
				GCC_NO_COMMON_BLOCKS = YES;
				GCC_WARN_64_TO_32_BIT_CONVERSION = YES;
				GCC_WARN_ABOUT_RETURN_TYPE = YES_ERROR;
				GCC_WARN_UNDECLARED_SELECTOR = YES;
				GCC_WARN_UNINITIALIZED_AUTOS = YES_AGGRESSIVE;
				GCC_WARN_UNUSED_FUNCTION = YES;
				GCC_WARN_UNUSED_VARIABLE = YES;
				MACOSX_DEPLOYMENT_TARGET = 10.11;
				MTL_ENABLE_DEBUG_INFO = NO;
				SDKROOT = macosx;
			};
			name = Release;
		};
		1C3A814C1CE10D6C0080CFFC /* Debug */ = {
			isa = XCBuildConfiguration;
			buildSettings = {
				PRODUCT_NAME = "$(TARGET_NAME)";
			};
			name = Debug;
		};
		1C3A814D1CE10D6C0080CFFC /* Release */ = {
			isa = XCBuildConfiguration;
			buildSettings = {
				PRODUCT_NAME = "$(TARGET_NAME)";
			};
			name = Release;
		};
/* End XCBuildConfiguration section */

/* Begin XCConfigurationList section */
		1C3A813F1CE10D6C0080CFFC /* Build configuration list for PBXProject "UsingObjectiveC" */ = {
			isa = XCConfigurationList;
			buildConfigurations = (
				1C3A81491CE10D6C0080CFFC /* Debug */,
				1C3A814A1CE10D6C0080CFFC /* Release */,
			);
			defaultConfigurationIsVisible = 0;
			defaultConfigurationName = Release;
		};
		1C3A814B1CE10D6C0080CFFC /* Build configuration list for PBXNativeTarget "UsingObjectiveC" */ = {
			isa = XCConfigurationList;
			buildConfigurations = (
				1C3A814C1CE10D6C0080CFFC /* Debug */,
				1C3A814D1CE10D6C0080CFFC /* Release */,
			);
			defaultConfigurationIsVisible = 0;
		};
/* End XCConfigurationList section */
	};
	rootObject = 1C3A813C1CE10D6C0080CFFC /* Project object */;
}
